// !$*UTF8*$!
{
	archiveVersion = 1;
	classes = {
	};
	objectVersion = 55;
	objects = {

/* Begin PBXBuildFile section */
		F146DFCC28F47B900029ECE2 /* Amagama track new.mp3 in Resources */ = {isa = PBXBuildFile; fileRef = F146DFCB28F47B900029ECE2 /* Amagama track new.mp3 */; };
		F1499EFD28A6A66D00582E64 /* StoreKit.framework in Frameworks */ = {isa = PBXBuildFile; fileRef = F1499EFC28A6A66D00582E64 /* StoreKit.framework */; };
		F15649BA2892A1C20095F015 /* tick1.json in Resources */ = {isa = PBXBuildFile; fileRef = F15649B92892A1C20095F015 /* tick1.json */; };
		F1598C1128D328610056C708 /* Antigua couple1.mp3 in Resources */ = {isa = PBXBuildFile; fileRef = F1598C1028D328610056C708 /* Antigua couple1.mp3 */; };
		F17A090928C12E8200531454 /* RevenueCat in Frameworks */ = {isa = PBXBuildFile; productRef = F17A090828C12E8200531454 /* RevenueCat */; };
		F18B078328CF96FB00F58C15 /* out.mp3 in Resources */ = {isa = PBXBuildFile; fileRef = F18B077D28CF96FB00F58C15 /* out.mp3 */; };
		F18B078428CF96FB00F58C15 /* them.mp3 in Resources */ = {isa = PBXBuildFile; fileRef = F18B077E28CF96FB00F58C15 /* them.mp3 */; };
		F18B078528CF96FB00F58C15 /* of.mp3 in Resources */ = {isa = PBXBuildFile; fileRef = F18B077F28CF96FB00F58C15 /* of.mp3 */; };
		F18B078628CF96FB00F58C15 /* this.mp3 in Resources */ = {isa = PBXBuildFile; fileRef = F18B078028CF96FB00F58C15 /* this.mp3 */; };
		F18B078728CF96FB00F58C15 /* Make.mp3 in Resources */ = {isa = PBXBuildFile; fileRef = F18B078128CF96FB00F58C15 /* Make.mp3 */; };
		F18B078E28CFA24300F58C15 /* Can.mp3 in Resources */ = {isa = PBXBuildFile; fileRef = F18B078828CFA24200F58C15 /* Can.mp3 */; };
		F18B078F28CFA24300F58C15 /* you.mp3 in Resources */ = {isa = PBXBuildFile; fileRef = F18B078928CFA24200F58C15 /* you.mp3 */; };
		F18B079028CFA24300F58C15 /* for.mp3 in Resources */ = {isa = PBXBuildFile; fileRef = F18B078A28CFA24200F58C15 /* for.mp3 */; };
		F18B079128CFA24300F58C15 /* go.mp3 in Resources */ = {isa = PBXBuildFile; fileRef = F18B078B28CFA24300F58C15 /* go.mp3 */; };
		F18B079228CFA24300F58C15 /* Can you go for help?.mp3 in Resources */ = {isa = PBXBuildFile; fileRef = F18B078C28CFA24300F58C15 /* Can you go for help?.mp3 */; };
		F18B079328CFA24300F58C15 /* help?.mp3 in Resources */ = {isa = PBXBuildFile; fileRef = F18B078D28CFA24300F58C15 /* help?.mp3 */; };
		F18B079A28CFA32100F58C15 /* I.mp3 in Resources */ = {isa = PBXBuildFile; fileRef = F18B079428CFA32100F58C15 /* I.mp3 */; };
		F18B079B28CFA32100F58C15 /* I like to see people.mp3 in Resources */ = {isa = PBXBuildFile; fileRef = F18B079528CFA32100F58C15 /* I like to see people.mp3 */; };
		F18B079C28CFA32100F58C15 /* people.mp3 in Resources */ = {isa = PBXBuildFile; fileRef = F18B079628CFA32100F58C15 /* people.mp3 */; };
		F18B079D28CFA32100F58C15 /* like.mp3 in Resources */ = {isa = PBXBuildFile; fileRef = F18B079728CFA32100F58C15 /* like.mp3 */; };
		F18B079E28CFA32100F58C15 /* see.mp3 in Resources */ = {isa = PBXBuildFile; fileRef = F18B079828CFA32100F58C15 /* see.mp3 */; };
		F18B079F28CFA32100F58C15 /* to.mp3 in Resources */ = {isa = PBXBuildFile; fileRef = F18B079928CFA32100F58C15 /* to.mp3 */; };
		F18B07B228CFA3ED00F58C15 /* on.mp3 in Resources */ = {isa = PBXBuildFile; fileRef = F18B07AC28CFA3ED00F58C15 /* on.mp3 */; };
		F18B07B328CFA3ED00F58C15 /* time.mp3 in Resources */ = {isa = PBXBuildFile; fileRef = F18B07AD28CFA3ED00F58C15 /* time.mp3 */; };
		F18B07B428CFA3ED00F58C15 /* not.mp3 in Resources */ = {isa = PBXBuildFile; fileRef = F18B07AE28CFA3ED00F58C15 /* not.mp3 */; };
		F18B07B528CFA3ED00F58C15 /* He was not on time.mp3 in Resources */ = {isa = PBXBuildFile; fileRef = F18B07AF28CFA3ED00F58C15 /* He was not on time.mp3 */; };
		F18B07B628CFA3ED00F58C15 /* was.mp3 in Resources */ = {isa = PBXBuildFile; fileRef = F18B07B028CFA3ED00F58C15 /* was.mp3 */; };
		F18B07B728CFA3ED00F58C15 /* He.mp3 in Resources */ = {isa = PBXBuildFile; fileRef = F18B07B128CFA3ED00F58C15 /* He.mp3 */; };
		F18B07BE28CFA43300F58C15 /* Could.mp3 in Resources */ = {isa = PBXBuildFile; fileRef = F18B07B828CFA43300F58C15 /* Could.mp3 */; };
		F18B07BF28CFA43300F58C15 /* she.mp3 in Resources */ = {isa = PBXBuildFile; fileRef = F18B07B928CFA43300F58C15 /* she.mp3 */; };
		F18B07C028CFA43300F58C15 /* that.mp3 in Resources */ = {isa = PBXBuildFile; fileRef = F18B07BA28CFA43300F58C15 /* that.mp3 */; };
		F18B07C128CFA43300F58C15 /* Could she put that back?.mp3 in Resources */ = {isa = PBXBuildFile; fileRef = F18B07BB28CFA43300F58C15 /* Could she put that back?.mp3 */; };
		F18B07C228CFA43300F58C15 /* back?.mp3 in Resources */ = {isa = PBXBuildFile; fileRef = F18B07BC28CFA43300F58C15 /* back?.mp3 */; };
		F18B07C328CFA43300F58C15 /* put.mp3 in Resources */ = {isa = PBXBuildFile; fileRef = F18B07BD28CFA43300F58C15 /* put.mp3 */; };
		F18B07CA28CFB13500F58C15 /* His.mp3 in Resources */ = {isa = PBXBuildFile; fileRef = F18B07C428CFB13500F58C15 /* His.mp3 */; };
		F18B07CB28CFB13500F58C15 /* His car is with me.mp3 in Resources */ = {isa = PBXBuildFile; fileRef = F18B07C528CFB13500F58C15 /* His car is with me.mp3 */; };
		F18B07CC28CFB13500F58C15 /* is.mp3 in Resources */ = {isa = PBXBuildFile; fileRef = F18B07C628CFB13500F58C15 /* is.mp3 */; };
		F18B07CD28CFB13500F58C15 /* me.mp3 in Resources */ = {isa = PBXBuildFile; fileRef = F18B07C728CFB13500F58C15 /* me.mp3 */; };
		F18B07CE28CFB13500F58C15 /* with.mp3 in Resources */ = {isa = PBXBuildFile; fileRef = F18B07C828CFB13500F58C15 /* with.mp3 */; };
		F18B07CF28CFB13500F58C15 /* car.mp3 in Resources */ = {isa = PBXBuildFile; fileRef = F18B07C928CFB13500F58C15 /* car.mp3 */; };
		F18B07D628CFB16D00F58C15 /* It looked so very old.mp3 in Resources */ = {isa = PBXBuildFile; fileRef = F18B07D028CFB16D00F58C15 /* It looked so very old.mp3 */; };
		F18B07D728CFB16D00F58C15 /* It.mp3 in Resources */ = {isa = PBXBuildFile; fileRef = F18B07D128CFB16D00F58C15 /* It.mp3 */; };
		F18B07D828CFB16D00F58C15 /* so.mp3 in Resources */ = {isa = PBXBuildFile; fileRef = F18B07D228CFB16D00F58C15 /* so.mp3 */; };
		F18B07D928CFB16D00F58C15 /* very.mp3 in Resources */ = {isa = PBXBuildFile; fileRef = F18B07D328CFB16D00F58C15 /* very.mp3 */; };
		F18B07DA28CFB16D00F58C15 /* old.mp3 in Resources */ = {isa = PBXBuildFile; fileRef = F18B07D428CFB16D00F58C15 /* old.mp3 */; };
		F18B07DB28CFB16D00F58C15 /* looked.mp3 in Resources */ = {isa = PBXBuildFile; fileRef = F18B07D528CFB16D00F58C15 /* looked.mp3 */; };
		F18B07E228CFB1A800F58C15 /* just.mp3 in Resources */ = {isa = PBXBuildFile; fileRef = F18B07DC28CFB1A800F58C15 /* just.mp3 */; };
		F18B07E328CFB1A800F58C15 /* up.mp3 in Resources */ = {isa = PBXBuildFile; fileRef = F18B07DD28CFB1A800F58C15 /* up.mp3 */; };
		F18B07E428CFB1A800F58C15 /* Mum said just get up.mp3 in Resources */ = {isa = PBXBuildFile; fileRef = F18B07DE28CFB1A800F58C15 /* Mum said just get up.mp3 */; };
		F18B07E528CFB1A800F58C15 /* Mum.mp3 in Resources */ = {isa = PBXBuildFile; fileRef = F18B07DF28CFB1A800F58C15 /* Mum.mp3 */; };
		F18B07E628CFB1A800F58C15 /* said.mp3 in Resources */ = {isa = PBXBuildFile; fileRef = F18B07E028CFB1A800F58C15 /* said.mp3 */; };
		F18B07E728CFB1A800F58C15 /* get.mp3 in Resources */ = {isa = PBXBuildFile; fileRef = F18B07E128CFB1A800F58C15 /* get.mp3 */; };
		F18B07EE28CFB1CC00F58C15 /* and.mp3 in Resources */ = {isa = PBXBuildFile; fileRef = F18B07E828CFB1CC00F58C15 /* and.mp3 */; };
		F18B07EF28CFB1CC00F58C15 /* They.mp3 in Resources */ = {isa = PBXBuildFile; fileRef = F18B07E928CFB1CC00F58C15 /* They.mp3 */; };
		F18B07F128CFB1CC00F58C15 /* saw.mp3 in Resources */ = {isa = PBXBuildFile; fileRef = F18B07EB28CFB1CC00F58C15 /* saw.mp3 */; };
		F18B07F228CFB1CC00F58C15 /* him.mp3 in Resources */ = {isa = PBXBuildFile; fileRef = F18B07EC28CFB1CC00F58C15 /* him.mp3 */; };
		F18B07F328CFB1CC00F58C15 /* They saw him and her.mp3 in Resources */ = {isa = PBXBuildFile; fileRef = F18B07ED28CFB1CC00F58C15 /* They saw him and her.mp3 */; };
		F18B07FB28CFB1EF00F58C15 /* look.mp3 in Resources */ = {isa = PBXBuildFile; fileRef = F18B07F528CFB1EF00F58C15 /* look.mp3 */; };
		F18B07FC28CFB1EF00F58C15 /* We look at the children.mp3 in Resources */ = {isa = PBXBuildFile; fileRef = F18B07F628CFB1EF00F58C15 /* We look at the children.mp3 */; };
		F18B07FD28CFB1EF00F58C15 /* We.mp3 in Resources */ = {isa = PBXBuildFile; fileRef = F18B07F728CFB1EF00F58C15 /* We.mp3 */; };
		F18B07FF28CFB1EF00F58C15 /* at.mp3 in Resources */ = {isa = PBXBuildFile; fileRef = F18B07F928CFB1EF00F58C15 /* at.mp3 */; };
		F18B080228CFB27400F58C15 /* the.mp3 in Resources */ = {isa = PBXBuildFile; fileRef = F18B080028CFB27400F58C15 /* the.mp3 */; };
		F18B080328CFB27400F58C15 /* children.mp3 in Resources */ = {isa = PBXBuildFile; fileRef = F18B080128CFB27400F58C15 /* children.mp3 */; };
		F18B080528CFB33800F58C15 /* her.mp3 in Resources */ = {isa = PBXBuildFile; fileRef = F18B080428CFB33800F58C15 /* her.mp3 */; };
		F1A156C028D9D39800743998 /* Amagama track.mp3 in Resources */ = {isa = PBXBuildFile; fileRef = F1A156BF28D9D39800743998 /* Amagama track.mp3 */; };
		F1A156C228D9DA7800743998 /* Amagama track longer.mp3 in Resources */ = {isa = PBXBuildFile; fileRef = F1A156C128D9DA7800743998 /* Amagama track longer.mp3 */; };
		F1A17FE828C36A2600EF81A6 /* PurchaseService.swift in Sources */ = {isa = PBXBuildFile; fileRef = F1A17FE728C36A2600EF81A6 /* PurchaseService.swift */; };
		F1A4816A2912821100557927 /* CarlaYeahs.mp3 in Resources */ = {isa = PBXBuildFile; fileRef = F1A481692912821100557927 /* CarlaYeahs.mp3 */; };
		F1C347B328D25CB2001EACD7 /* Mr and Mrs made food.mp3 in Resources */ = {isa = PBXBuildFile; fileRef = F1C347AE28D25CB2001EACD7 /* Mr and Mrs made food.mp3 */; };
		F1C347B428D25CB2001EACD7 /* food.mp3 in Resources */ = {isa = PBXBuildFile; fileRef = F1C347AF28D25CB2001EACD7 /* food.mp3 */; };
		F1C347B528D25CB2001EACD7 /* Mr.mp3 in Resources */ = {isa = PBXBuildFile; fileRef = F1C347B028D25CB2001EACD7 /* Mr.mp3 */; };
		F1C347B628D25CB2001EACD7 /* made.mp3 in Resources */ = {isa = PBXBuildFile; fileRef = F1C347B128D25CB2001EACD7 /* made.mp3 */; };
		F1C347B728D25CB2001EACD7 /* Mrs.mp3 in Resources */ = {isa = PBXBuildFile; fileRef = F1C347B228D25CB2001EACD7 /* Mrs.mp3 */; };
		F1C347BE28D25CF8001EACD7 /* are.mp3 in Resources */ = {isa = PBXBuildFile; fileRef = F1C347B828D25CF8001EACD7 /* are.mp3 */; };
		F1C347BF28D25CF8001EACD7 /* in.mp3 in Resources */ = {isa = PBXBuildFile; fileRef = F1C347B928D25CF8001EACD7 /* in.mp3 */; };
		F1C347C028D25CF8001EACD7 /* All animals are in place.mp3 in Resources */ = {isa = PBXBuildFile; fileRef = F1C347BA28D25CF8001EACD7 /* All animals are in place.mp3 */; };
		F1C347C128D25CF8001EACD7 /* animals.mp3 in Resources */ = {isa = PBXBuildFile; fileRef = F1C347BB28D25CF8001EACD7 /* animals.mp3 */; };
		F1C347C228D25CF8001EACD7 /* All.mp3 in Resources */ = {isa = PBXBuildFile; fileRef = F1C347BC28D25CF8001EACD7 /* All.mp3 */; };
		F1C347C328D25CF8001EACD7 /* place.mp3 in Resources */ = {isa = PBXBuildFile; fileRef = F1C347BD28D25CF8001EACD7 /* place.mp3 */; };
		F1C347CA28D25D31001EACD7 /* It's here now what then?.mp3 in Resources */ = {isa = PBXBuildFile; fileRef = F1C347C428D25D31001EACD7 /* It's here now what then?.mp3 */; };
		F1C347CB28D25D31001EACD7 /* here.mp3 in Resources */ = {isa = PBXBuildFile; fileRef = F1C347C528D25D31001EACD7 /* here.mp3 */; };
		F1C347CC28D25D31001EACD7 /* It's.mp3 in Resources */ = {isa = PBXBuildFile; fileRef = F1C347C628D25D31001EACD7 /* It's.mp3 */; };
		F1C347CD28D25D31001EACD7 /* then?.mp3 in Resources */ = {isa = PBXBuildFile; fileRef = F1C347C728D25D31001EACD7 /* then?.mp3 */; };
		F1C347CE28D25D31001EACD7 /* now.mp3 in Resources */ = {isa = PBXBuildFile; fileRef = F1C347C828D25D31001EACD7 /* now.mp3 */; };
		F1C347CF28D25D31001EACD7 /* what.mp3 in Resources */ = {isa = PBXBuildFile; fileRef = F1C347C928D25D31001EACD7 /* what.mp3 */; };
		F1C347D628D25D6F001EACD7 /* have.mp3 in Resources */ = {isa = PBXBuildFile; fileRef = F1C347D028D25D6E001EACD7 /* have.mp3 */; };
		F1C347D728D25D6F001EACD7 /* fun.mp3 in Resources */ = {isa = PBXBuildFile; fileRef = F1C347D128D25D6E001EACD7 /* fun.mp3 */; };
		F1C347D828D25D6F001EACD7 /* let's.mp3 in Resources */ = {isa = PBXBuildFile; fileRef = F1C347D228D25D6E001EACD7 /* let's.mp3 */; };
		F1C347D928D25D6F001EACD7 /* say.mp3 in Resources */ = {isa = PBXBuildFile; fileRef = F1C347D328D25D6E001EACD7 /* say.mp3 */; };
		F1C347DA28D25D6F001EACD7 /* Some.mp3 in Resources */ = {isa = PBXBuildFile; fileRef = F1C347D428D25D6F001EACD7 /* Some.mp3 */; };
		F1C347DB28D25D6F001EACD7 /* Some say let's have fun.mp3 in Resources */ = {isa = PBXBuildFile; fileRef = F1C347D528D25D6F001EACD7 /* Some say let's have fun.mp3 */; };
		F1C347E228D25DAF001EACD7 /* Dad called about their house.mp3 in Resources */ = {isa = PBXBuildFile; fileRef = F1C347DC28D25DAF001EACD7 /* Dad called about their house.mp3 */; };
		F1C347E328D25DAF001EACD7 /* about.mp3 in Resources */ = {isa = PBXBuildFile; fileRef = F1C347DD28D25DAF001EACD7 /* about.mp3 */; };
		F1C347E428D25DAF001EACD7 /* house.mp3 in Resources */ = {isa = PBXBuildFile; fileRef = F1C347DE28D25DAF001EACD7 /* house.mp3 */; };
		F1C347E528D25DAF001EACD7 /* called.mp3 in Resources */ = {isa = PBXBuildFile; fileRef = F1C347DF28D25DAF001EACD7 /* called.mp3 */; };
		F1C347E628D25DAF001EACD7 /* their.mp3 in Resources */ = {isa = PBXBuildFile; fileRef = F1C347E028D25DAF001EACD7 /* their.mp3 */; };
		F1C347E728D25DAF001EACD7 /* Dad.mp3 in Resources */ = {isa = PBXBuildFile; fileRef = F1C347E128D25DAF001EACD7 /* Dad.mp3 */; };
		F1C347EE28D25DDC001EACD7 /* from.mp3 in Resources */ = {isa = PBXBuildFile; fileRef = F1C347E828D25DDC001EACD7 /* from.mp3 */; };
		F1C347EF28D25DDC001EACD7 /* there.mp3 in Resources */ = {isa = PBXBuildFile; fileRef = F1C347E928D25DDC001EACD7 /* there.mp3 */; };
		F1C347F028D25DDC001EACD7 /* come.mp3 in Resources */ = {isa = PBXBuildFile; fileRef = F1C347EA28D25DDC001EACD7 /* come.mp3 */; };
		F1C347F128D25DDC001EACD7 /* Don't.mp3 in Resources */ = {isa = PBXBuildFile; fileRef = F1C347EB28D25DDC001EACD7 /* Don't.mp3 */; };
		F1C347F228D25DDC001EACD7 /* Don't come down from there.mp3 in Resources */ = {isa = PBXBuildFile; fileRef = F1C347EC28D25DDC001EACD7 /* Don't come down from there.mp3 */; };
		F1C347F328D25DDC001EACD7 /* down.mp3 in Resources */ = {isa = PBXBuildFile; fileRef = F1C347ED28D25DDC001EACD7 /* down.mp3 */; };
		F1C347FA28D25E0A001EACD7 /* baby.mp3 in Resources */ = {isa = PBXBuildFile; fileRef = F1C347F428D25E0A001EACD7 /* baby.mp3 */; };
		F1C347FB28D25E0A001EACD7 /* cried.mp3 in Resources */ = {isa = PBXBuildFile; fileRef = F1C347F528D25E0A001EACD7 /* cried.mp3 */; };
		F1C347FC28D25E0A001EACD7 /* asked.mp3 in Resources */ = {isa = PBXBuildFile; fileRef = F1C347F628D25E0A001EACD7 /* asked.mp3 */; };
		F1C347FD28D25E0A001EACD7 /* if.mp3 in Resources */ = {isa = PBXBuildFile; fileRef = F1C347F728D25E0A001EACD7 /* if.mp3 */; };
		F1C347FE28D25E0A001EACD7 /* Mother asked if baby cried.mp3 in Resources */ = {isa = PBXBuildFile; fileRef = F1C347F828D25E0A001EACD7 /* Mother asked if baby cried.mp3 */; };
		F1C347FF28D25E0A001EACD7 /* Mother.mp3 in Resources */ = {isa = PBXBuildFile; fileRef = F1C347F928D25E0A001EACD7 /* Mother.mp3 */; };
		F1C3480628D25E40001EACD7 /* My little cat came by.mp3 in Resources */ = {isa = PBXBuildFile; fileRef = F1C3480028D25E40001EACD7 /* My little cat came by.mp3 */; };
		F1C3480728D25E40001EACD7 /* came.mp3 in Resources */ = {isa = PBXBuildFile; fileRef = F1C3480128D25E40001EACD7 /* came.mp3 */; };
		F1C3480828D25E40001EACD7 /* by.mp3 in Resources */ = {isa = PBXBuildFile; fileRef = F1C3480228D25E40001EACD7 /* by.mp3 */; };
		F1C3480928D25E40001EACD7 /* cat.mp3 in Resources */ = {isa = PBXBuildFile; fileRef = F1C3480328D25E40001EACD7 /* cat.mp3 */; };
		F1C3480A28D25E40001EACD7 /* little.mp3 in Resources */ = {isa = PBXBuildFile; fileRef = F1C3480428D25E40001EACD7 /* little.mp3 */; };
		F1C3480B28D25E40001EACD7 /* My.mp3 in Resources */ = {isa = PBXBuildFile; fileRef = F1C3480528D25E40001EACD7 /* My.mp3 */; };
		F1C3481E28D261AF001EACD7 /* day.mp3 in Resources */ = {isa = PBXBuildFile; fileRef = F1C3481828D261AF001EACD7 /* day.mp3 */; };
		F1C3481F28D261AF001EACD7 /* I'm.mp3 in Resources */ = {isa = PBXBuildFile; fileRef = F1C3481928D261AF001EACD7 /* I'm.mp3 */; };
		F1C3482028D261AF001EACD7 /* One day when I'm big.mp3 in Resources */ = {isa = PBXBuildFile; fileRef = F1C3481A28D261AF001EACD7 /* One day when I'm big.mp3 */; };
		F1C3482128D261AF001EACD7 /* when.mp3 in Resources */ = {isa = PBXBuildFile; fileRef = F1C3481B28D261AF001EACD7 /* when.mp3 */; };
		F1C3482228D261AF001EACD7 /* One.mp3 in Resources */ = {isa = PBXBuildFile; fileRef = F1C3481C28D261AF001EACD7 /* One.mp3 */; };
		F1C3482328D261AF001EACD7 /* big.mp3 in Resources */ = {isa = PBXBuildFile; fileRef = F1C3481D28D261AF001EACD7 /* big.mp3 */; };
		F1C3482A28D2622B001EACD7 /* Your friends went into school.mp3 in Resources */ = {isa = PBXBuildFile; fileRef = F1C3482428D2622B001EACD7 /* Your friends went into school.mp3 */; };
		F1C3482B28D2622B001EACD7 /* Your.mp3 in Resources */ = {isa = PBXBuildFile; fileRef = F1C3482528D2622B001EACD7 /* Your.mp3 */; };
		F1C3482C28D2622B001EACD7 /* into.mp3 in Resources */ = {isa = PBXBuildFile; fileRef = F1C3482628D2622B001EACD7 /* into.mp3 */; };
		F1C3482D28D2622B001EACD7 /* school.mp3 in Resources */ = {isa = PBXBuildFile; fileRef = F1C3482728D2622B001EACD7 /* school.mp3 */; };
		F1C3482E28D2622B001EACD7 /* friends.mp3 in Resources */ = {isa = PBXBuildFile; fileRef = F1C3482828D2622B001EACD7 /* friends.mp3 */; };
		F1C3482F28D2622B001EACD7 /* went.mp3 in Resources */ = {isa = PBXBuildFile; fileRef = F1C3482928D2622B001EACD7 /* went.mp3 */; };
		F1C3483128D2635D001EACD7 /* Make them out of this.mp3 in Resources */ = {isa = PBXBuildFile; fileRef = F1C3483028D2635D001EACD7 /* Make them out of this.mp3 */; };
		F1E258632901467E00B276D7 /* CarlaYeahTrimmed.mp3 in Resources */ = {isa = PBXBuildFile; fileRef = F1E258622901467E00B276D7 /* CarlaYeahTrimmed.mp3 */; };
		F1E456C02892983C0085C6CB /* AmagamaApp.swift in Sources */ = {isa = PBXBuildFile; fileRef = F1E456BF2892983C0085C6CB /* AmagamaApp.swift */; };
		F1E456C22892983C0085C6CB /* ContentView.swift in Sources */ = {isa = PBXBuildFile; fileRef = F1E456C12892983C0085C6CB /* ContentView.swift */; };
		F1E456C42892983C0085C6CB /* Assets.xcassets in Resources */ = {isa = PBXBuildFile; fileRef = F1E456C32892983C0085C6CB /* Assets.xcassets */; };
		F1E456C72892983C0085C6CB /* Preview Assets.xcassets in Resources */ = {isa = PBXBuildFile; fileRef = F1E456C62892983C0085C6CB /* Preview Assets.xcassets */; };
		F1E456D12892983C0085C6CB /* AmagamaTests.swift in Sources */ = {isa = PBXBuildFile; fileRef = F1E456D02892983C0085C6CB /* AmagamaTests.swift */; };
		F1E456DB2892983C0085C6CB /* AmagamaUITests.swift in Sources */ = {isa = PBXBuildFile; fileRef = F1E456DA2892983C0085C6CB /* AmagamaUITests.swift */; };
		F1E456DD2892983C0085C6CB /* AmagamaUITestsLaunchTests.swift in Sources */ = {isa = PBXBuildFile; fileRef = F1E456DC2892983C0085C6CB /* AmagamaUITestsLaunchTests.swift */; };
		F1E456EA289298A10085C6CB /* AspectVGrid.swift in Sources */ = {isa = PBXBuildFile; fileRef = F1E456E9289298A10085C6CB /* AspectVGrid.swift */; };
		F1E456EC289298FE0085C6CB /* BlurView.swift in Sources */ = {isa = PBXBuildFile; fileRef = F1E456EB289298FE0085C6CB /* BlurView.swift */; };
		F1E456EE2892993C0085C6CB /* Cardify.swift in Sources */ = {isa = PBXBuildFile; fileRef = F1E456ED2892993C0085C6CB /* Cardify.swift */; };
		F1E456F0289299620085C6CB /* CardView.swift in Sources */ = {isa = PBXBuildFile; fileRef = F1E456EF289299620085C6CB /* CardView.swift */; };
		F1E456F22892998C0085C6CB /* ChooserViewCard.swift in Sources */ = {isa = PBXBuildFile; fileRef = F1E456F12892998C0085C6CB /* ChooserViewCard.swift */; };
		F1E456F4289299BB0085C6CB /* EmojiMemoryGame.swift in Sources */ = {isa = PBXBuildFile; fileRef = F1E456F3289299BB0085C6CB /* EmojiMemoryGame.swift */; };
		F1E456F6289299E50085C6CB /* EmojiMemoryGameView.swift in Sources */ = {isa = PBXBuildFile; fileRef = F1E456F5289299E50085C6CB /* EmojiMemoryGameView.swift */; };
		F1E456F828929A060085C6CB /* GameChooserView.swift in Sources */ = {isa = PBXBuildFile; fileRef = F1E456F728929A060085C6CB /* GameChooserView.swift */; };
		F1E456FA28929A370085C6CB /* LottieView.swift in Sources */ = {isa = PBXBuildFile; fileRef = F1E456F928929A370085C6CB /* LottieView.swift */; };
		F1E456FC28929A5D0085C6CB /* MemoryGame.swift in Sources */ = {isa = PBXBuildFile; fileRef = F1E456FB28929A5D0085C6CB /* MemoryGame.swift */; };
		F1E456FE28929ACA0085C6CB /* navLinkView.swift in Sources */ = {isa = PBXBuildFile; fileRef = F1E456FD28929ACA0085C6CB /* navLinkView.swift */; };
		F1E4570028929B030085C6CB /* ProgressBar.swift in Sources */ = {isa = PBXBuildFile; fileRef = F1E456FF28929B030085C6CB /* ProgressBar.swift */; };
		F1E4570228929B450085C6CB /* SuccessTickView.swift in Sources */ = {isa = PBXBuildFile; fileRef = F1E4570128929B450085C6CB /* SuccessTickView.swift */; };
		F1E4570428929B760085C6CB /* ThemeStore.swift in Sources */ = {isa = PBXBuildFile; fileRef = F1E4570328929B760085C6CB /* ThemeStore.swift */; };
		F1E4570828929BF60085C6CB /* TopTargetSentence.swift in Sources */ = {isa = PBXBuildFile; fileRef = F1E4570728929BF60085C6CB /* TopTargetSentence.swift */; };
		F1E4578D28929E470085C6CB /* successTickSound.mp3 in Resources */ = {isa = PBXBuildFile; fileRef = F1E4578C28929E470085C6CB /* successTickSound.mp3 */; };
		F1E4578F28929E4D0085C6CB /* SuccessTickSound1.mp3 in Resources */ = {isa = PBXBuildFile; fileRef = F1E4578E28929E4D0085C6CB /* SuccessTickSound1.mp3 */; };
		F1E457AC28929F8C0085C6CB /* Lottie in Frameworks */ = {isa = PBXBuildFile; productRef = F1E457AB28929F8C0085C6CB /* Lottie */; };
/* End PBXBuildFile section */

/* Begin PBXContainerItemProxy section */
		F1E456CD2892983C0085C6CB /* PBXContainerItemProxy */ = {
			isa = PBXContainerItemProxy;
			containerPortal = F1E456B42892983C0085C6CB /* Project object */;
			proxyType = 1;
			remoteGlobalIDString = F1E456BB2892983C0085C6CB;
			remoteInfo = Amagama;
		};
		F1E456D72892983C0085C6CB /* PBXContainerItemProxy */ = {
			isa = PBXContainerItemProxy;
			containerPortal = F1E456B42892983C0085C6CB /* Project object */;
			proxyType = 1;
			remoteGlobalIDString = F1E456BB2892983C0085C6CB;
			remoteInfo = Amagama;
		};
/* End PBXContainerItemProxy section */

/* Begin PBXFileReference section */
		F146DFCB28F47B900029ECE2 /* Amagama track new.mp3 */ = {isa = PBXFileReference; lastKnownFileType = audio.mp3; path = "Amagama track new.mp3"; sourceTree = "<group>"; };
		F1499EFC28A6A66D00582E64 /* StoreKit.framework */ = {isa = PBXFileReference; lastKnownFileType = wrapper.framework; name = StoreKit.framework; path = System/Library/Frameworks/StoreKit.framework; sourceTree = SDKROOT; };
		F15649B92892A1C20095F015 /* tick1.json */ = {isa = PBXFileReference; fileEncoding = 4; lastKnownFileType = text.json; path = tick1.json; sourceTree = "<group>"; };
		F1598C1028D328610056C708 /* Antigua couple1.mp3 */ = {isa = PBXFileReference; lastKnownFileType = audio.mp3; path = "Antigua couple1.mp3"; sourceTree = "<group>"; };
		F18B077D28CF96FB00F58C15 /* out.mp3 */ = {isa = PBXFileReference; lastKnownFileType = audio.mp3; path = out.mp3; sourceTree = "<group>"; };
		F18B077E28CF96FB00F58C15 /* them.mp3 */ = {isa = PBXFileReference; lastKnownFileType = audio.mp3; path = them.mp3; sourceTree = "<group>"; };
		F18B077F28CF96FB00F58C15 /* of.mp3 */ = {isa = PBXFileReference; lastKnownFileType = audio.mp3; path = of.mp3; sourceTree = "<group>"; };
		F18B078028CF96FB00F58C15 /* this.mp3 */ = {isa = PBXFileReference; lastKnownFileType = audio.mp3; path = this.mp3; sourceTree = "<group>"; };
		F18B078128CF96FB00F58C15 /* Make.mp3 */ = {isa = PBXFileReference; lastKnownFileType = audio.mp3; path = Make.mp3; sourceTree = "<group>"; };
		F18B078828CFA24200F58C15 /* Can.mp3 */ = {isa = PBXFileReference; lastKnownFileType = audio.mp3; path = Can.mp3; sourceTree = "<group>"; };
		F18B078928CFA24200F58C15 /* you.mp3 */ = {isa = PBXFileReference; lastKnownFileType = audio.mp3; path = you.mp3; sourceTree = "<group>"; };
		F18B078A28CFA24200F58C15 /* for.mp3 */ = {isa = PBXFileReference; lastKnownFileType = audio.mp3; path = for.mp3; sourceTree = "<group>"; };
		F18B078B28CFA24300F58C15 /* go.mp3 */ = {isa = PBXFileReference; lastKnownFileType = audio.mp3; path = go.mp3; sourceTree = "<group>"; };
		F18B078C28CFA24300F58C15 /* Can you go for help?.mp3 */ = {isa = PBXFileReference; lastKnownFileType = audio.mp3; path = "Can you go for help?.mp3"; sourceTree = "<group>"; };
		F18B078D28CFA24300F58C15 /* help?.mp3 */ = {isa = PBXFileReference; lastKnownFileType = audio.mp3; path = "help?.mp3"; sourceTree = "<group>"; };
		F18B079428CFA32100F58C15 /* I.mp3 */ = {isa = PBXFileReference; lastKnownFileType = audio.mp3; path = I.mp3; sourceTree = "<group>"; };
		F18B079528CFA32100F58C15 /* I like to see people.mp3 */ = {isa = PBXFileReference; lastKnownFileType = audio.mp3; path = "I like to see people.mp3"; sourceTree = "<group>"; };
		F18B079628CFA32100F58C15 /* people.mp3 */ = {isa = PBXFileReference; lastKnownFileType = audio.mp3; path = people.mp3; sourceTree = "<group>"; };
		F18B079728CFA32100F58C15 /* like.mp3 */ = {isa = PBXFileReference; lastKnownFileType = audio.mp3; path = like.mp3; sourceTree = "<group>"; };
		F18B079828CFA32100F58C15 /* see.mp3 */ = {isa = PBXFileReference; lastKnownFileType = audio.mp3; path = see.mp3; sourceTree = "<group>"; };
		F18B079928CFA32100F58C15 /* to.mp3 */ = {isa = PBXFileReference; lastKnownFileType = audio.mp3; path = to.mp3; sourceTree = "<group>"; };
		F18B07AC28CFA3ED00F58C15 /* on.mp3 */ = {isa = PBXFileReference; lastKnownFileType = audio.mp3; path = on.mp3; sourceTree = "<group>"; };
		F18B07AD28CFA3ED00F58C15 /* time.mp3 */ = {isa = PBXFileReference; lastKnownFileType = audio.mp3; path = time.mp3; sourceTree = "<group>"; };
		F18B07AE28CFA3ED00F58C15 /* not.mp3 */ = {isa = PBXFileReference; lastKnownFileType = audio.mp3; path = not.mp3; sourceTree = "<group>"; };
		F18B07AF28CFA3ED00F58C15 /* He was not on time.mp3 */ = {isa = PBXFileReference; lastKnownFileType = audio.mp3; path = "He was not on time.mp3"; sourceTree = "<group>"; };
		F18B07B028CFA3ED00F58C15 /* was.mp3 */ = {isa = PBXFileReference; lastKnownFileType = audio.mp3; path = was.mp3; sourceTree = "<group>"; };
		F18B07B128CFA3ED00F58C15 /* He.mp3 */ = {isa = PBXFileReference; lastKnownFileType = audio.mp3; path = He.mp3; sourceTree = "<group>"; };
		F18B07B828CFA43300F58C15 /* Could.mp3 */ = {isa = PBXFileReference; lastKnownFileType = audio.mp3; name = Could.mp3; path = "../../../../Sound for Amagama/New 1/Could she put that back?./Could.mp3"; sourceTree = "<group>"; };
		F18B07B928CFA43300F58C15 /* she.mp3 */ = {isa = PBXFileReference; lastKnownFileType = audio.mp3; name = she.mp3; path = "../../../../Sound for Amagama/New 1/Could she put that back?./she.mp3"; sourceTree = "<group>"; };
		F18B07BA28CFA43300F58C15 /* that.mp3 */ = {isa = PBXFileReference; lastKnownFileType = audio.mp3; name = that.mp3; path = "../../../../Sound for Amagama/New 1/Could she put that back?./that.mp3"; sourceTree = "<group>"; };
		F18B07BB28CFA43300F58C15 /* Could she put that back?.mp3 */ = {isa = PBXFileReference; lastKnownFileType = audio.mp3; name = "Could she put that back?.mp3"; path = "../../../../Sound for Amagama/New 1/Could she put that back?./Could she put that back?.mp3"; sourceTree = "<group>"; };
		F18B07BC28CFA43300F58C15 /* back?.mp3 */ = {isa = PBXFileReference; lastKnownFileType = audio.mp3; name = "back?.mp3"; path = "../../../../Sound for Amagama/New 1/Could she put that back?./back?.mp3"; sourceTree = "<group>"; };
		F18B07BD28CFA43300F58C15 /* put.mp3 */ = {isa = PBXFileReference; lastKnownFileType = audio.mp3; name = put.mp3; path = "../../../../Sound for Amagama/New 1/Could she put that back?./put.mp3"; sourceTree = "<group>"; };
		F18B07C428CFB13500F58C15 /* His.mp3 */ = {isa = PBXFileReference; lastKnownFileType = audio.mp3; path = His.mp3; sourceTree = "<group>"; };
		F18B07C528CFB13500F58C15 /* His car is with me.mp3 */ = {isa = PBXFileReference; lastKnownFileType = audio.mp3; path = "His car is with me.mp3"; sourceTree = "<group>"; };
		F18B07C628CFB13500F58C15 /* is.mp3 */ = {isa = PBXFileReference; lastKnownFileType = audio.mp3; path = is.mp3; sourceTree = "<group>"; };
		F18B07C728CFB13500F58C15 /* me.mp3 */ = {isa = PBXFileReference; lastKnownFileType = audio.mp3; path = me.mp3; sourceTree = "<group>"; };
		F18B07C828CFB13500F58C15 /* with.mp3 */ = {isa = PBXFileReference; lastKnownFileType = audio.mp3; path = with.mp3; sourceTree = "<group>"; };
		F18B07C928CFB13500F58C15 /* car.mp3 */ = {isa = PBXFileReference; lastKnownFileType = audio.mp3; path = car.mp3; sourceTree = "<group>"; };
		F18B07D028CFB16D00F58C15 /* It looked so very old.mp3 */ = {isa = PBXFileReference; lastKnownFileType = audio.mp3; path = "It looked so very old.mp3"; sourceTree = "<group>"; };
		F18B07D128CFB16D00F58C15 /* It.mp3 */ = {isa = PBXFileReference; lastKnownFileType = audio.mp3; path = It.mp3; sourceTree = "<group>"; };
		F18B07D228CFB16D00F58C15 /* so.mp3 */ = {isa = PBXFileReference; lastKnownFileType = audio.mp3; path = so.mp3; sourceTree = "<group>"; };
		F18B07D328CFB16D00F58C15 /* very.mp3 */ = {isa = PBXFileReference; lastKnownFileType = audio.mp3; path = very.mp3; sourceTree = "<group>"; };
		F18B07D428CFB16D00F58C15 /* old.mp3 */ = {isa = PBXFileReference; lastKnownFileType = audio.mp3; path = old.mp3; sourceTree = "<group>"; };
		F18B07D528CFB16D00F58C15 /* looked.mp3 */ = {isa = PBXFileReference; lastKnownFileType = audio.mp3; path = looked.mp3; sourceTree = "<group>"; };
		F18B07DC28CFB1A800F58C15 /* just.mp3 */ = {isa = PBXFileReference; lastKnownFileType = audio.mp3; path = just.mp3; sourceTree = "<group>"; };
		F18B07DD28CFB1A800F58C15 /* up.mp3 */ = {isa = PBXFileReference; lastKnownFileType = audio.mp3; path = up.mp3; sourceTree = "<group>"; };
		F18B07DE28CFB1A800F58C15 /* Mum said just get up.mp3 */ = {isa = PBXFileReference; lastKnownFileType = audio.mp3; path = "Mum said just get up.mp3"; sourceTree = "<group>"; };
		F18B07DF28CFB1A800F58C15 /* Mum.mp3 */ = {isa = PBXFileReference; lastKnownFileType = audio.mp3; path = Mum.mp3; sourceTree = "<group>"; };
		F18B07E028CFB1A800F58C15 /* said.mp3 */ = {isa = PBXFileReference; lastKnownFileType = audio.mp3; path = said.mp3; sourceTree = "<group>"; };
		F18B07E128CFB1A800F58C15 /* get.mp3 */ = {isa = PBXFileReference; lastKnownFileType = audio.mp3; path = get.mp3; sourceTree = "<group>"; };
		F18B07E828CFB1CC00F58C15 /* and.mp3 */ = {isa = PBXFileReference; lastKnownFileType = audio.mp3; path = and.mp3; sourceTree = "<group>"; };
		F18B07E928CFB1CC00F58C15 /* They.mp3 */ = {isa = PBXFileReference; lastKnownFileType = audio.mp3; path = They.mp3; sourceTree = "<group>"; };
		F18B07EB28CFB1CC00F58C15 /* saw.mp3 */ = {isa = PBXFileReference; lastKnownFileType = audio.mp3; path = saw.mp3; sourceTree = "<group>"; };
		F18B07EC28CFB1CC00F58C15 /* him.mp3 */ = {isa = PBXFileReference; lastKnownFileType = audio.mp3; path = him.mp3; sourceTree = "<group>"; };
		F18B07ED28CFB1CC00F58C15 /* They saw him and her.mp3 */ = {isa = PBXFileReference; lastKnownFileType = audio.mp3; path = "They saw him and her.mp3"; sourceTree = "<group>"; };
		F18B07F528CFB1EF00F58C15 /* look.mp3 */ = {isa = PBXFileReference; lastKnownFileType = audio.mp3; path = look.mp3; sourceTree = "<group>"; };
		F18B07F628CFB1EF00F58C15 /* We look at the children.mp3 */ = {isa = PBXFileReference; lastKnownFileType = audio.mp3; path = "We look at the children.mp3"; sourceTree = "<group>"; };
		F18B07F728CFB1EF00F58C15 /* We.mp3 */ = {isa = PBXFileReference; lastKnownFileType = audio.mp3; path = We.mp3; sourceTree = "<group>"; };
		F18B07F928CFB1EF00F58C15 /* at.mp3 */ = {isa = PBXFileReference; lastKnownFileType = audio.mp3; path = at.mp3; sourceTree = "<group>"; };
		F18B080028CFB27400F58C15 /* the.mp3 */ = {isa = PBXFileReference; lastKnownFileType = audio.mp3; path = the.mp3; sourceTree = "<group>"; };
		F18B080128CFB27400F58C15 /* children.mp3 */ = {isa = PBXFileReference; lastKnownFileType = audio.mp3; path = children.mp3; sourceTree = "<group>"; };
		F18B080428CFB33800F58C15 /* her.mp3 */ = {isa = PBXFileReference; lastKnownFileType = audio.mp3; path = her.mp3; sourceTree = "<group>"; };
		F1A156BF28D9D39800743998 /* Amagama track.mp3 */ = {isa = PBXFileReference; lastKnownFileType = audio.mp3; path = "Amagama track.mp3"; sourceTree = "<group>"; };
		F1A156C128D9DA7800743998 /* Amagama track longer.mp3 */ = {isa = PBXFileReference; lastKnownFileType = audio.mp3; path = "Amagama track longer.mp3"; sourceTree = "<group>"; };
		F1A17FE728C36A2600EF81A6 /* PurchaseService.swift */ = {isa = PBXFileReference; lastKnownFileType = sourcecode.swift; path = PurchaseService.swift; sourceTree = "<group>"; };
		F1A481692912821100557927 /* CarlaYeahs.mp3 */ = {isa = PBXFileReference; lastKnownFileType = audio.mp3; path = CarlaYeahs.mp3; sourceTree = "<group>"; };
		F1C347AE28D25CB2001EACD7 /* Mr and Mrs made food.mp3 */ = {isa = PBXFileReference; lastKnownFileType = audio.mp3; path = "Mr and Mrs made food.mp3"; sourceTree = "<group>"; };
		F1C347AF28D25CB2001EACD7 /* food.mp3 */ = {isa = PBXFileReference; lastKnownFileType = audio.mp3; path = food.mp3; sourceTree = "<group>"; };
		F1C347B028D25CB2001EACD7 /* Mr.mp3 */ = {isa = PBXFileReference; lastKnownFileType = audio.mp3; path = Mr.mp3; sourceTree = "<group>"; };
		F1C347B128D25CB2001EACD7 /* made.mp3 */ = {isa = PBXFileReference; lastKnownFileType = audio.mp3; path = made.mp3; sourceTree = "<group>"; };
		F1C347B228D25CB2001EACD7 /* Mrs.mp3 */ = {isa = PBXFileReference; lastKnownFileType = audio.mp3; path = Mrs.mp3; sourceTree = "<group>"; };
		F1C347B828D25CF8001EACD7 /* are.mp3 */ = {isa = PBXFileReference; lastKnownFileType = audio.mp3; path = are.mp3; sourceTree = "<group>"; };
		F1C347B928D25CF8001EACD7 /* in.mp3 */ = {isa = PBXFileReference; lastKnownFileType = audio.mp3; path = in.mp3; sourceTree = "<group>"; };
		F1C347BA28D25CF8001EACD7 /* All animals are in place.mp3 */ = {isa = PBXFileReference; lastKnownFileType = audio.mp3; path = "All animals are in place.mp3"; sourceTree = "<group>"; };
		F1C347BB28D25CF8001EACD7 /* animals.mp3 */ = {isa = PBXFileReference; lastKnownFileType = audio.mp3; path = animals.mp3; sourceTree = "<group>"; };
		F1C347BC28D25CF8001EACD7 /* All.mp3 */ = {isa = PBXFileReference; lastKnownFileType = audio.mp3; path = All.mp3; sourceTree = "<group>"; };
		F1C347BD28D25CF8001EACD7 /* place.mp3 */ = {isa = PBXFileReference; lastKnownFileType = audio.mp3; path = place.mp3; sourceTree = "<group>"; };
		F1C347C428D25D31001EACD7 /* It's here now what then?.mp3 */ = {isa = PBXFileReference; lastKnownFileType = audio.mp3; path = "It's here now what then?.mp3"; sourceTree = "<group>"; };
		F1C347C528D25D31001EACD7 /* here.mp3 */ = {isa = PBXFileReference; lastKnownFileType = audio.mp3; path = here.mp3; sourceTree = "<group>"; };
		F1C347C628D25D31001EACD7 /* It's.mp3 */ = {isa = PBXFileReference; lastKnownFileType = audio.mp3; path = "It's.mp3"; sourceTree = "<group>"; };
		F1C347C728D25D31001EACD7 /* then?.mp3 */ = {isa = PBXFileReference; lastKnownFileType = audio.mp3; path = "then?.mp3"; sourceTree = "<group>"; };
		F1C347C828D25D31001EACD7 /* now.mp3 */ = {isa = PBXFileReference; lastKnownFileType = audio.mp3; path = now.mp3; sourceTree = "<group>"; };
		F1C347C928D25D31001EACD7 /* what.mp3 */ = {isa = PBXFileReference; lastKnownFileType = audio.mp3; path = what.mp3; sourceTree = "<group>"; };
		F1C347D028D25D6E001EACD7 /* have.mp3 */ = {isa = PBXFileReference; lastKnownFileType = audio.mp3; path = have.mp3; sourceTree = "<group>"; };
		F1C347D128D25D6E001EACD7 /* fun.mp3 */ = {isa = PBXFileReference; lastKnownFileType = audio.mp3; path = fun.mp3; sourceTree = "<group>"; };
		F1C347D228D25D6E001EACD7 /* let's.mp3 */ = {isa = PBXFileReference; lastKnownFileType = audio.mp3; path = "let's.mp3"; sourceTree = "<group>"; };
		F1C347D328D25D6E001EACD7 /* say.mp3 */ = {isa = PBXFileReference; lastKnownFileType = audio.mp3; path = say.mp3; sourceTree = "<group>"; };
		F1C347D428D25D6F001EACD7 /* Some.mp3 */ = {isa = PBXFileReference; lastKnownFileType = audio.mp3; path = Some.mp3; sourceTree = "<group>"; };
		F1C347D528D25D6F001EACD7 /* Some say let's have fun.mp3 */ = {isa = PBXFileReference; lastKnownFileType = audio.mp3; path = "Some say let's have fun.mp3"; sourceTree = "<group>"; };
		F1C347DC28D25DAF001EACD7 /* Dad called about their house.mp3 */ = {isa = PBXFileReference; lastKnownFileType = audio.mp3; path = "Dad called about their house.mp3"; sourceTree = "<group>"; };
		F1C347DD28D25DAF001EACD7 /* about.mp3 */ = {isa = PBXFileReference; lastKnownFileType = audio.mp3; path = about.mp3; sourceTree = "<group>"; };
		F1C347DE28D25DAF001EACD7 /* house.mp3 */ = {isa = PBXFileReference; lastKnownFileType = audio.mp3; path = house.mp3; sourceTree = "<group>"; };
		F1C347DF28D25DAF001EACD7 /* called.mp3 */ = {isa = PBXFileReference; lastKnownFileType = audio.mp3; path = called.mp3; sourceTree = "<group>"; };
		F1C347E028D25DAF001EACD7 /* their.mp3 */ = {isa = PBXFileReference; lastKnownFileType = audio.mp3; path = their.mp3; sourceTree = "<group>"; };
		F1C347E128D25DAF001EACD7 /* Dad.mp3 */ = {isa = PBXFileReference; lastKnownFileType = audio.mp3; path = Dad.mp3; sourceTree = "<group>"; };
		F1C347E828D25DDC001EACD7 /* from.mp3 */ = {isa = PBXFileReference; lastKnownFileType = audio.mp3; path = from.mp3; sourceTree = "<group>"; };
		F1C347E928D25DDC001EACD7 /* there.mp3 */ = {isa = PBXFileReference; lastKnownFileType = audio.mp3; path = there.mp3; sourceTree = "<group>"; };
		F1C347EA28D25DDC001EACD7 /* come.mp3 */ = {isa = PBXFileReference; lastKnownFileType = audio.mp3; path = come.mp3; sourceTree = "<group>"; };
		F1C347EB28D25DDC001EACD7 /* Don't.mp3 */ = {isa = PBXFileReference; lastKnownFileType = audio.mp3; path = "Don't.mp3"; sourceTree = "<group>"; };
		F1C347EC28D25DDC001EACD7 /* Don't come down from there.mp3 */ = {isa = PBXFileReference; lastKnownFileType = audio.mp3; path = "Don't come down from there.mp3"; sourceTree = "<group>"; };
		F1C347ED28D25DDC001EACD7 /* down.mp3 */ = {isa = PBXFileReference; lastKnownFileType = audio.mp3; path = down.mp3; sourceTree = "<group>"; };
		F1C347F428D25E0A001EACD7 /* baby.mp3 */ = {isa = PBXFileReference; lastKnownFileType = audio.mp3; path = baby.mp3; sourceTree = "<group>"; };
		F1C347F528D25E0A001EACD7 /* cried.mp3 */ = {isa = PBXFileReference; lastKnownFileType = audio.mp3; path = cried.mp3; sourceTree = "<group>"; };
		F1C347F628D25E0A001EACD7 /* asked.mp3 */ = {isa = PBXFileReference; lastKnownFileType = audio.mp3; path = asked.mp3; sourceTree = "<group>"; };
		F1C347F728D25E0A001EACD7 /* if.mp3 */ = {isa = PBXFileReference; lastKnownFileType = audio.mp3; path = if.mp3; sourceTree = "<group>"; };
		F1C347F828D25E0A001EACD7 /* Mother asked if baby cried.mp3 */ = {isa = PBXFileReference; lastKnownFileType = audio.mp3; path = "Mother asked if baby cried.mp3"; sourceTree = "<group>"; };
		F1C347F928D25E0A001EACD7 /* Mother.mp3 */ = {isa = PBXFileReference; lastKnownFileType = audio.mp3; path = Mother.mp3; sourceTree = "<group>"; };
		F1C3480028D25E40001EACD7 /* My little cat came by.mp3 */ = {isa = PBXFileReference; lastKnownFileType = audio.mp3; path = "My little cat came by.mp3"; sourceTree = "<group>"; };
		F1C3480128D25E40001EACD7 /* came.mp3 */ = {isa = PBXFileReference; lastKnownFileType = audio.mp3; path = came.mp3; sourceTree = "<group>"; };
		F1C3480228D25E40001EACD7 /* by.mp3 */ = {isa = PBXFileReference; lastKnownFileType = audio.mp3; path = by.mp3; sourceTree = "<group>"; };
		F1C3480328D25E40001EACD7 /* cat.mp3 */ = {isa = PBXFileReference; lastKnownFileType = audio.mp3; path = cat.mp3; sourceTree = "<group>"; };
		F1C3480428D25E40001EACD7 /* little.mp3 */ = {isa = PBXFileReference; lastKnownFileType = audio.mp3; path = little.mp3; sourceTree = "<group>"; };
		F1C3480528D25E40001EACD7 /* My.mp3 */ = {isa = PBXFileReference; lastKnownFileType = audio.mp3; path = My.mp3; sourceTree = "<group>"; };
		F1C3481828D261AF001EACD7 /* day.mp3 */ = {isa = PBXFileReference; lastKnownFileType = audio.mp3; path = day.mp3; sourceTree = "<group>"; };
		F1C3481928D261AF001EACD7 /* I'm.mp3 */ = {isa = PBXFileReference; lastKnownFileType = audio.mp3; path = "I'm.mp3"; sourceTree = "<group>"; };
		F1C3481A28D261AF001EACD7 /* One day when I'm big.mp3 */ = {isa = PBXFileReference; lastKnownFileType = audio.mp3; path = "One day when I'm big.mp3"; sourceTree = "<group>"; };
		F1C3481B28D261AF001EACD7 /* when.mp3 */ = {isa = PBXFileReference; lastKnownFileType = audio.mp3; path = when.mp3; sourceTree = "<group>"; };
		F1C3481C28D261AF001EACD7 /* One.mp3 */ = {isa = PBXFileReference; lastKnownFileType = audio.mp3; path = One.mp3; sourceTree = "<group>"; };
		F1C3481D28D261AF001EACD7 /* big.mp3 */ = {isa = PBXFileReference; lastKnownFileType = audio.mp3; path = big.mp3; sourceTree = "<group>"; };
		F1C3482428D2622B001EACD7 /* Your friends went into school.mp3 */ = {isa = PBXFileReference; lastKnownFileType = audio.mp3; name = "Your friends went into school.mp3"; path = "../../../../Sound for Amagama/New 1/Your friends went into school./Your friends went into school.mp3"; sourceTree = "<group>"; };
		F1C3482528D2622B001EACD7 /* Your.mp3 */ = {isa = PBXFileReference; lastKnownFileType = audio.mp3; name = Your.mp3; path = "../../../../Sound for Amagama/New 1/Your friends went into school./Your.mp3"; sourceTree = "<group>"; };
		F1C3482628D2622B001EACD7 /* into.mp3 */ = {isa = PBXFileReference; lastKnownFileType = audio.mp3; name = into.mp3; path = "../../../../Sound for Amagama/New 1/Your friends went into school./into.mp3"; sourceTree = "<group>"; };
		F1C3482728D2622B001EACD7 /* school.mp3 */ = {isa = PBXFileReference; lastKnownFileType = audio.mp3; name = school.mp3; path = "../../../../Sound for Amagama/New 1/Your friends went into school./school.mp3"; sourceTree = "<group>"; };
		F1C3482828D2622B001EACD7 /* friends.mp3 */ = {isa = PBXFileReference; lastKnownFileType = audio.mp3; name = friends.mp3; path = "../../../../Sound for Amagama/New 1/Your friends went into school./friends.mp3"; sourceTree = "<group>"; };
		F1C3482928D2622B001EACD7 /* went.mp3 */ = {isa = PBXFileReference; lastKnownFileType = audio.mp3; name = went.mp3; path = "../../../../Sound for Amagama/New 1/Your friends went into school./went.mp3"; sourceTree = "<group>"; };
		F1C3483028D2635D001EACD7 /* Make them out of this.mp3 */ = {isa = PBXFileReference; lastKnownFileType = audio.mp3; path = "Make them out of this.mp3"; sourceTree = "<group>"; };
		F1E258622901467E00B276D7 /* CarlaYeahTrimmed.mp3 */ = {isa = PBXFileReference; lastKnownFileType = audio.mp3; path = CarlaYeahTrimmed.mp3; sourceTree = "<group>"; };
		F1E456BC2892983C0085C6CB /* Amagama.app */ = {isa = PBXFileReference; explicitFileType = wrapper.application; includeInIndex = 0; path = Amagama.app; sourceTree = BUILT_PRODUCTS_DIR; };
		F1E456BF2892983C0085C6CB /* AmagamaApp.swift */ = {isa = PBXFileReference; lastKnownFileType = sourcecode.swift; path = AmagamaApp.swift; sourceTree = "<group>"; };
		F1E456C12892983C0085C6CB /* ContentView.swift */ = {isa = PBXFileReference; lastKnownFileType = sourcecode.swift; path = ContentView.swift; sourceTree = "<group>"; };
		F1E456C32892983C0085C6CB /* Assets.xcassets */ = {isa = PBXFileReference; lastKnownFileType = folder.assetcatalog; path = Assets.xcassets; sourceTree = "<group>"; };
		F1E456C62892983C0085C6CB /* Preview Assets.xcassets */ = {isa = PBXFileReference; lastKnownFileType = folder.assetcatalog; path = "Preview Assets.xcassets"; sourceTree = "<group>"; };
		F1E456CC2892983C0085C6CB /* AmagamaTests.xctest */ = {isa = PBXFileReference; explicitFileType = wrapper.cfbundle; includeInIndex = 0; path = AmagamaTests.xctest; sourceTree = BUILT_PRODUCTS_DIR; };
		F1E456D02892983C0085C6CB /* AmagamaTests.swift */ = {isa = PBXFileReference; lastKnownFileType = sourcecode.swift; path = AmagamaTests.swift; sourceTree = "<group>"; };
		F1E456D62892983C0085C6CB /* AmagamaUITests.xctest */ = {isa = PBXFileReference; explicitFileType = wrapper.cfbundle; includeInIndex = 0; path = AmagamaUITests.xctest; sourceTree = BUILT_PRODUCTS_DIR; };
		F1E456DA2892983C0085C6CB /* AmagamaUITests.swift */ = {isa = PBXFileReference; lastKnownFileType = sourcecode.swift; path = AmagamaUITests.swift; sourceTree = "<group>"; };
		F1E456DC2892983C0085C6CB /* AmagamaUITestsLaunchTests.swift */ = {isa = PBXFileReference; lastKnownFileType = sourcecode.swift; path = AmagamaUITestsLaunchTests.swift; sourceTree = "<group>"; };
		F1E456E9289298A10085C6CB /* AspectVGrid.swift */ = {isa = PBXFileReference; lastKnownFileType = sourcecode.swift; path = AspectVGrid.swift; sourceTree = "<group>"; };
		F1E456EB289298FE0085C6CB /* BlurView.swift */ = {isa = PBXFileReference; lastKnownFileType = sourcecode.swift; path = BlurView.swift; sourceTree = "<group>"; };
		F1E456ED2892993C0085C6CB /* Cardify.swift */ = {isa = PBXFileReference; lastKnownFileType = sourcecode.swift; path = Cardify.swift; sourceTree = "<group>"; };
		F1E456EF289299620085C6CB /* CardView.swift */ = {isa = PBXFileReference; lastKnownFileType = sourcecode.swift; path = CardView.swift; sourceTree = "<group>"; };
		F1E456F12892998C0085C6CB /* ChooserViewCard.swift */ = {isa = PBXFileReference; lastKnownFileType = sourcecode.swift; path = ChooserViewCard.swift; sourceTree = "<group>"; };
		F1E456F3289299BB0085C6CB /* EmojiMemoryGame.swift */ = {isa = PBXFileReference; lastKnownFileType = sourcecode.swift; path = EmojiMemoryGame.swift; sourceTree = "<group>"; };
		F1E456F5289299E50085C6CB /* EmojiMemoryGameView.swift */ = {isa = PBXFileReference; lastKnownFileType = sourcecode.swift; path = EmojiMemoryGameView.swift; sourceTree = "<group>"; };
		F1E456F728929A060085C6CB /* GameChooserView.swift */ = {isa = PBXFileReference; lastKnownFileType = sourcecode.swift; path = GameChooserView.swift; sourceTree = "<group>"; };
		F1E456F928929A370085C6CB /* LottieView.swift */ = {isa = PBXFileReference; lastKnownFileType = sourcecode.swift; path = LottieView.swift; sourceTree = "<group>"; };
		F1E456FB28929A5D0085C6CB /* MemoryGame.swift */ = {isa = PBXFileReference; lastKnownFileType = sourcecode.swift; path = MemoryGame.swift; sourceTree = "<group>"; };
		F1E456FD28929ACA0085C6CB /* navLinkView.swift */ = {isa = PBXFileReference; lastKnownFileType = sourcecode.swift; path = navLinkView.swift; sourceTree = "<group>"; };
		F1E456FF28929B030085C6CB /* ProgressBar.swift */ = {isa = PBXFileReference; lastKnownFileType = sourcecode.swift; path = ProgressBar.swift; sourceTree = "<group>"; };
		F1E4570128929B450085C6CB /* SuccessTickView.swift */ = {isa = PBXFileReference; lastKnownFileType = sourcecode.swift; path = SuccessTickView.swift; sourceTree = "<group>"; };
		F1E4570328929B760085C6CB /* ThemeStore.swift */ = {isa = PBXFileReference; lastKnownFileType = sourcecode.swift; path = ThemeStore.swift; sourceTree = "<group>"; };
		F1E4570728929BF60085C6CB /* TopTargetSentence.swift */ = {isa = PBXFileReference; lastKnownFileType = sourcecode.swift; path = TopTargetSentence.swift; sourceTree = "<group>"; };
		F1E4578C28929E470085C6CB /* successTickSound.mp3 */ = {isa = PBXFileReference; lastKnownFileType = audio.mp3; path = successTickSound.mp3; sourceTree = "<group>"; };
		F1E4578E28929E4D0085C6CB /* SuccessTickSound1.mp3 */ = {isa = PBXFileReference; lastKnownFileType = audio.mp3; path = SuccessTickSound1.mp3; sourceTree = "<group>"; };
/* End PBXFileReference section */

/* Begin PBXFrameworksBuildPhase section */
		F1E456B92892983C0085C6CB /* Frameworks */ = {
			isa = PBXFrameworksBuildPhase;
			buildActionMask = 2147483647;
			files = (
				F1E457AC28929F8C0085C6CB /* Lottie in Frameworks */,
				F1499EFD28A6A66D00582E64 /* StoreKit.framework in Frameworks */,
				F17A090928C12E8200531454 /* RevenueCat in Frameworks */,
			);
			runOnlyForDeploymentPostprocessing = 0;
		};
		F1E456C92892983C0085C6CB /* Frameworks */ = {
			isa = PBXFrameworksBuildPhase;
			buildActionMask = 2147483647;
			files = (
			);
			runOnlyForDeploymentPostprocessing = 0;
		};
		F1E456D32892983C0085C6CB /* Frameworks */ = {
			isa = PBXFrameworksBuildPhase;
			buildActionMask = 2147483647;
			files = (
			);
			runOnlyForDeploymentPostprocessing = 0;
		};
/* End PBXFrameworksBuildPhase section */

/* Begin PBXGroup section */
		F1499EFB28A6A66D00582E64 /* Frameworks */ = {
			isa = PBXGroup;
			children = (
				F1499EFC28A6A66D00582E64 /* StoreKit.framework */,
			);
			name = Frameworks;
			sourceTree = "<group>";
		};
		F1598C0F28D328530056C708 /* Soundtrack */ = {
			isa = PBXGroup;
			children = (
				F146DFCB28F47B900029ECE2 /* Amagama track new.mp3 */,
				F1A156BF28D9D39800743998 /* Amagama track.mp3 */,
				F1598C1028D328610056C708 /* Antigua couple1.mp3 */,
				F1A156C128D9DA7800743998 /* Amagama track longer.mp3 */,
			);
			path = Soundtrack;
			sourceTree = "<group>";
		};
		F1A662E528992DAE006B772A /* Mother asked if baby cried.. */ = {
			isa = PBXGroup;
			children = (
				F1C347F628D25E0A001EACD7 /* asked.mp3 */,
				F1C347F428D25E0A001EACD7 /* baby.mp3 */,
				F1C347F528D25E0A001EACD7 /* cried.mp3 */,
				F1C347F728D25E0A001EACD7 /* if.mp3 */,
				F1C347F828D25E0A001EACD7 /* Mother asked if baby cried.mp3 */,
				F1C347F928D25E0A001EACD7 /* Mother.mp3 */,
			);
			path = "Mother asked if baby cried..";
			sourceTree = "<group>";
		};
		F1A662EC28992DAE006B772A /* One day when I'm big.. */ = {
			isa = PBXGroup;
			children = (
				F1C3481D28D261AF001EACD7 /* big.mp3 */,
				F1C3481828D261AF001EACD7 /* day.mp3 */,
				F1C3481928D261AF001EACD7 /* I'm.mp3 */,
				F1C3481A28D261AF001EACD7 /* One day when I'm big.mp3 */,
				F1C3481C28D261AF001EACD7 /* One.mp3 */,
				F1C3481B28D261AF001EACD7 /* when.mp3 */,
			);
			path = "One day when I'm big..";
			sourceTree = "<group>";
		};
		F1A662F328992DAE006B772A /* We look at the children.. */ = {
			isa = PBXGroup;
			children = (
				F18B080128CFB27400F58C15 /* children.mp3 */,
				F18B080028CFB27400F58C15 /* the.mp3 */,
				F18B07F928CFB1EF00F58C15 /* at.mp3 */,
				F18B07F528CFB1EF00F58C15 /* look.mp3 */,
				F18B07F628CFB1EF00F58C15 /* We look at the children.mp3 */,
				F18B07F728CFB1EF00F58C15 /* We.mp3 */,
			);
			path = "We look at the children..";
			sourceTree = "<group>";
		};
		F1A662FA28992DAE006B772A /* Dad called about their house.. */ = {
			isa = PBXGroup;
			children = (
				F1C347DD28D25DAF001EACD7 /* about.mp3 */,
				F1C347DF28D25DAF001EACD7 /* called.mp3 */,
				F1C347DC28D25DAF001EACD7 /* Dad called about their house.mp3 */,
				F1C347E128D25DAF001EACD7 /* Dad.mp3 */,
				F1C347DE28D25DAF001EACD7 /* house.mp3 */,
				F1C347E028D25DAF001EACD7 /* their.mp3 */,
			);
			path = "Dad called about their house..";
			sourceTree = "<group>";
		};
		F1A6630128992DAE006B772A /* All animals are in place.. */ = {
			isa = PBXGroup;
			children = (
				F1C347BA28D25CF8001EACD7 /* All animals are in place.mp3 */,
				F1C347BC28D25CF8001EACD7 /* All.mp3 */,
				F1C347BB28D25CF8001EACD7 /* animals.mp3 */,
				F1C347B828D25CF8001EACD7 /* are.mp3 */,
				F1C347B928D25CF8001EACD7 /* in.mp3 */,
				F1C347BD28D25CF8001EACD7 /* place.mp3 */,
			);
			path = "All animals are in place..";
			sourceTree = "<group>";
		};
		F1A6630828992DAE006B772A /* Some say lets have fun.. */ = {
			isa = PBXGroup;
			children = (
				F1C347D128D25D6E001EACD7 /* fun.mp3 */,
				F1C347D028D25D6E001EACD7 /* have.mp3 */,
				F1C347D228D25D6E001EACD7 /* let's.mp3 */,
				F1C347D328D25D6E001EACD7 /* say.mp3 */,
				F1C347D528D25D6F001EACD7 /* Some say let's have fun.mp3 */,
				F1C347D428D25D6F001EACD7 /* Some.mp3 */,
			);
			path = "Some say lets have fun..";
			sourceTree = "<group>";
		};
		F1A6630F28992DAE006B772A /* Mr and Mrs made food.. */ = {
			isa = PBXGroup;
			children = (
				F1C347AF28D25CB2001EACD7 /* food.mp3 */,
				F1C347B128D25CB2001EACD7 /* made.mp3 */,
				F1C347AE28D25CB2001EACD7 /* Mr and Mrs made food.mp3 */,
				F1C347B028D25CB2001EACD7 /* Mr.mp3 */,
				F1C347B228D25CB2001EACD7 /* Mrs.mp3 */,
			);
			path = "Mr and Mrs made food..";
			sourceTree = "<group>";
		};
		F1A6631628992DAE006B772A /* I like to see people.. */ = {
			isa = PBXGroup;
			children = (
				F18B079528CFA32100F58C15 /* I like to see people.mp3 */,
				F18B079428CFA32100F58C15 /* I.mp3 */,
				F18B079728CFA32100F58C15 /* like.mp3 */,
				F18B079628CFA32100F58C15 /* people.mp3 */,
				F18B079828CFA32100F58C15 /* see.mp3 */,
				F18B079928CFA32100F58C15 /* to.mp3 */,
			);
			path = "I like to see people..";
			sourceTree = "<group>";
		};
		F1A6631D28992DAE006B772A /* Could she put that back?.. */ = {
			isa = PBXGroup;
			children = (
				F18B07BC28CFA43300F58C15 /* back?.mp3 */,
				F18B07BB28CFA43300F58C15 /* Could she put that back?.mp3 */,
				F18B07B828CFA43300F58C15 /* Could.mp3 */,
				F18B07BD28CFA43300F58C15 /* put.mp3 */,
				F18B07B928CFA43300F58C15 /* she.mp3 */,
				F18B07BA28CFA43300F58C15 /* that.mp3 */,
			);
			path = "Could she put that back?..";
			sourceTree = "<group>";
		};
		F1A6632428992DAE006B772A /* Make them out of this.. */ = {
			isa = PBXGroup;
			children = (
				F1C3483028D2635D001EACD7 /* Make them out of this.mp3 */,
				F18B078128CF96FB00F58C15 /* Make.mp3 */,
				F18B077F28CF96FB00F58C15 /* of.mp3 */,
				F18B077D28CF96FB00F58C15 /* out.mp3 */,
				F18B077E28CF96FB00F58C15 /* them.mp3 */,
				F18B078028CF96FB00F58C15 /* this.mp3 */,
			);
			path = "Make them out of this..";
			sourceTree = "<group>";
		};
		F1A6632B28992DAE006B772A /* It's here now what then?.. */ = {
			isa = PBXGroup;
			children = (
				F1C347C528D25D31001EACD7 /* here.mp3 */,
				F1C347C428D25D31001EACD7 /* It's here now what then?.mp3 */,
				F1C347C628D25D31001EACD7 /* It's.mp3 */,
				F1C347C828D25D31001EACD7 /* now.mp3 */,
				F1C347C728D25D31001EACD7 /* then?.mp3 */,
				F1C347C928D25D31001EACD7 /* what.mp3 */,
			);
			path = "It's here now what then?..";
			sourceTree = "<group>";
		};
		F1A6633228992DAE006B772A /* Don't come down from there. */ = {
			isa = PBXGroup;
			children = (
				F1C347EA28D25DDC001EACD7 /* come.mp3 */,
				F1C347EC28D25DDC001EACD7 /* Don't come down from there.mp3 */,
				F1C347EB28D25DDC001EACD7 /* Don't.mp3 */,
				F1C347ED28D25DDC001EACD7 /* down.mp3 */,
				F1C347E828D25DDC001EACD7 /* from.mp3 */,
				F1C347E928D25DDC001EACD7 /* there.mp3 */,
			);
			path = "Don't come down from there.";
			sourceTree = "<group>";
		};
		F1A6633928992DAF006B772A /* They saw him and her.. */ = {
			isa = PBXGroup;
			children = (
				F18B07E828CFB1CC00F58C15 /* and.mp3 */,
				F18B080428CFB33800F58C15 /* her.mp3 */,
				F18B07EC28CFB1CC00F58C15 /* him.mp3 */,
				F18B07EB28CFB1CC00F58C15 /* saw.mp3 */,
				F18B07ED28CFB1CC00F58C15 /* They saw him and her.mp3 */,
				F18B07E928CFB1CC00F58C15 /* They.mp3 */,
			);
			path = "They saw him and her..";
			sourceTree = "<group>";
		};
		F1A6634028992DAF006B772A /* He was not on time.. */ = {
			isa = PBXGroup;
			children = (
				F18B07AF28CFA3ED00F58C15 /* He was not on time.mp3 */,
				F18B07B128CFA3ED00F58C15 /* He.mp3 */,
				F18B07AE28CFA3ED00F58C15 /* not.mp3 */,
				F18B07AC28CFA3ED00F58C15 /* on.mp3 */,
				F18B07AD28CFA3ED00F58C15 /* time.mp3 */,
				F18B07B028CFA3ED00F58C15 /* was.mp3 */,
			);
			path = "He was not on time..";
			sourceTree = "<group>";
		};
		F1A6634728992DAF006B772A /* Can you go for help?.. */ = {
			isa = PBXGroup;
			children = (
				F18B078C28CFA24300F58C15 /* Can you go for help?.mp3 */,
				F18B078828CFA24200F58C15 /* Can.mp3 */,
				F18B078A28CFA24200F58C15 /* for.mp3 */,
				F18B078B28CFA24300F58C15 /* go.mp3 */,
				F18B078D28CFA24300F58C15 /* help?.mp3 */,
				F18B078928CFA24200F58C15 /* you.mp3 */,
			);
			path = "Can you go for help?..";
			sourceTree = "<group>";
		};
		F1A6634E28992DAF006B772A /* Mum said just get up.. */ = {
			isa = PBXGroup;
			children = (
				F18B07E128CFB1A800F58C15 /* get.mp3 */,
				F18B07DC28CFB1A800F58C15 /* just.mp3 */,
				F18B07DE28CFB1A800F58C15 /* Mum said just get up.mp3 */,
				F18B07DF28CFB1A800F58C15 /* Mum.mp3 */,
				F18B07E028CFB1A800F58C15 /* said.mp3 */,
				F18B07DD28CFB1A800F58C15 /* up.mp3 */,
			);
			path = "Mum said just get up..";
			sourceTree = "<group>";
		};
		F1A6635528992DAF006B772A /* My little cat came by.. */ = {
			isa = PBXGroup;
			children = (
				F1C3480228D25E40001EACD7 /* by.mp3 */,
				F1C3480128D25E40001EACD7 /* came.mp3 */,
				F1C3480328D25E40001EACD7 /* cat.mp3 */,
				F1C3480428D25E40001EACD7 /* little.mp3 */,
				F1C3480028D25E40001EACD7 /* My little cat came by.mp3 */,
				F1C3480528D25E40001EACD7 /* My.mp3 */,
			);
			path = "My little cat came by..";
			sourceTree = "<group>";
		};
		F1A6635C28992DAF006B772A /* Your friends went into school.. */ = {
			isa = PBXGroup;
			children = (
				F1C3482828D2622B001EACD7 /* friends.mp3 */,
				F1C3482628D2622B001EACD7 /* into.mp3 */,
				F1C3482728D2622B001EACD7 /* school.mp3 */,
				F1C3482928D2622B001EACD7 /* went.mp3 */,
				F1C3482428D2622B001EACD7 /* Your friends went into school.mp3 */,
				F1C3482528D2622B001EACD7 /* Your.mp3 */,
			);
			path = "Your friends went into school..";
			sourceTree = "<group>";
		};
		F1A6636328992DAF006B772A /* It looked so very old.. */ = {
			isa = PBXGroup;
			children = (
				F18B07D028CFB16D00F58C15 /* It looked so very old.mp3 */,
				F18B07D128CFB16D00F58C15 /* It.mp3 */,
				F18B07D528CFB16D00F58C15 /* looked.mp3 */,
				F18B07D428CFB16D00F58C15 /* old.mp3 */,
				F18B07D228CFB16D00F58C15 /* so.mp3 */,
				F18B07D328CFB16D00F58C15 /* very.mp3 */,
			);
			path = "It looked so very old..";
			sourceTree = "<group>";
		};
		F1A6636A28992DAF006B772A /* His car is with me.. */ = {
			isa = PBXGroup;
			children = (
				F18B07C928CFB13500F58C15 /* car.mp3 */,
				F18B07C528CFB13500F58C15 /* His car is with me.mp3 */,
				F18B07C428CFB13500F58C15 /* His.mp3 */,
				F18B07C628CFB13500F58C15 /* is.mp3 */,
				F18B07C728CFB13500F58C15 /* me.mp3 */,
				F18B07C828CFB13500F58C15 /* with.mp3 */,
			);
			path = "His car is with me..";
			sourceTree = "<group>";
		};
		F1E456B32892983C0085C6CB = {
			isa = PBXGroup;
			children = (
				F1E456BE2892983C0085C6CB /* Amagama */,
				F1E456CF2892983C0085C6CB /* AmagamaTests */,
				F1E456D92892983C0085C6CB /* AmagamaUITests */,
				F1E456BD2892983C0085C6CB /* Products */,
				F1499EFB28A6A66D00582E64 /* Frameworks */,
			);
			sourceTree = "<group>";
		};
		F1E456BD2892983C0085C6CB /* Products */ = {
			isa = PBXGroup;
			children = (
				F1E456BC2892983C0085C6CB /* Amagama.app */,
				F1E456CC2892983C0085C6CB /* AmagamaTests.xctest */,
				F1E456D62892983C0085C6CB /* AmagamaUITests.xctest */,
			);
			name = Products;
			sourceTree = "<group>";
		};
		F1E456BE2892983C0085C6CB /* Amagama */ = {
			isa = PBXGroup;
			children = (
				F1E4570928929CE10085C6CB /* Audio */,
				F1E456BF2892983C0085C6CB /* AmagamaApp.swift */,
				F1E456FD28929ACA0085C6CB /* navLinkView.swift */,
				F1E456FF28929B030085C6CB /* ProgressBar.swift */,
				F1E4570128929B450085C6CB /* SuccessTickView.swift */,
				F1E4570328929B760085C6CB /* ThemeStore.swift */,
				F1A17FE728C36A2600EF81A6 /* PurchaseService.swift */,
				F1E4570728929BF60085C6CB /* TopTargetSentence.swift */,
				F1E456C12892983C0085C6CB /* ContentView.swift */,
				F1E456E9289298A10085C6CB /* AspectVGrid.swift */,
				F1E456EB289298FE0085C6CB /* BlurView.swift */,
				F1E456ED2892993C0085C6CB /* Cardify.swift */,
				F1E456EF289299620085C6CB /* CardView.swift */,
				F1E456F12892998C0085C6CB /* ChooserViewCard.swift */,
				F1E456F3289299BB0085C6CB /* EmojiMemoryGame.swift */,
				F1E456F5289299E50085C6CB /* EmojiMemoryGameView.swift */,
				F15649B92892A1C20095F015 /* tick1.json */,
				F1E456F728929A060085C6CB /* GameChooserView.swift */,
				F1E456F928929A370085C6CB /* LottieView.swift */,
				F1E456FB28929A5D0085C6CB /* MemoryGame.swift */,
				F1E456C32892983C0085C6CB /* Assets.xcassets */,
				F1E456C52892983C0085C6CB /* Preview Content */,
			);
			path = Amagama;
			sourceTree = "<group>";
		};
		F1E456C52892983C0085C6CB /* Preview Content */ = {
			isa = PBXGroup;
			children = (
				F1E456C62892983C0085C6CB /* Preview Assets.xcassets */,
			);
			path = "Preview Content";
			sourceTree = "<group>";
		};
		F1E456CF2892983C0085C6CB /* AmagamaTests */ = {
			isa = PBXGroup;
			children = (
				F1E456D02892983C0085C6CB /* AmagamaTests.swift */,
			);
			path = AmagamaTests;
			sourceTree = "<group>";
		};
		F1E456D92892983C0085C6CB /* AmagamaUITests */ = {
			isa = PBXGroup;
			children = (
				F1E456DA2892983C0085C6CB /* AmagamaUITests.swift */,
				F1E456DC2892983C0085C6CB /* AmagamaUITestsLaunchTests.swift */,
			);
			path = AmagamaUITests;
			sourceTree = "<group>";
		};
		F1E4570928929CE10085C6CB /* Audio */ = {
			isa = PBXGroup;
			children = (
				F1598C0F28D328530056C708 /* Soundtrack */,
				F1A6630128992DAE006B772A /* All animals are in place.. */,
				F1A6634728992DAF006B772A /* Can you go for help?.. */,
				F1A6631D28992DAE006B772A /* Could she put that back?.. */,
				F1A662FA28992DAE006B772A /* Dad called about their house.. */,
				F1A6633228992DAE006B772A /* Don't come down from there. */,
				F1A6634028992DAF006B772A /* He was not on time.. */,
				F1A6636A28992DAF006B772A /* His car is with me.. */,
				F1A6631628992DAE006B772A /* I like to see people.. */,
				F1A6636328992DAF006B772A /* It looked so very old.. */,
				F1A6632B28992DAE006B772A /* It's here now what then?.. */,
				F1A6632428992DAE006B772A /* Make them out of this.. */,
				F1A662E528992DAE006B772A /* Mother asked if baby cried.. */,
				F1A6630F28992DAE006B772A /* Mr and Mrs made food.. */,
				F1A6634E28992DAF006B772A /* Mum said just get up.. */,
				F1A6635528992DAF006B772A /* My little cat came by.. */,
				F1A662EC28992DAE006B772A /* One day when I'm big.. */,
				F1A6630828992DAE006B772A /* Some say lets have fun.. */,
				F1A6633928992DAF006B772A /* They saw him and her.. */,
				F1A662F328992DAE006B772A /* We look at the children.. */,
				F1A6635C28992DAF006B772A /* Your friends went into school.. */,
				F1E4578C28929E470085C6CB /* successTickSound.mp3 */,
				F1A481692912821100557927 /* CarlaYeahs.mp3 */,
				F1E4578E28929E4D0085C6CB /* SuccessTickSound1.mp3 */,
				F1E258622901467E00B276D7 /* CarlaYeahTrimmed.mp3 */,
			);
			path = Audio;
			sourceTree = "<group>";
		};
/* End PBXGroup section */

/* Begin PBXNativeTarget section */
		F1E456BB2892983C0085C6CB /* Amagama */ = {
			isa = PBXNativeTarget;
			buildConfigurationList = F1E456E02892983C0085C6CB /* Build configuration list for PBXNativeTarget "Amagama" */;
			buildPhases = (
				F1E456B82892983C0085C6CB /* Sources */,
				F1E456B92892983C0085C6CB /* Frameworks */,
				F1E456BA2892983C0085C6CB /* Resources */,
			);
			buildRules = (
			);
			dependencies = (
			);
			name = Amagama;
			packageProductDependencies = (
				F1E457AB28929F8C0085C6CB /* Lottie */,
				F17A090828C12E8200531454 /* RevenueCat */,
			);
			productName = Amagama;
			productReference = F1E456BC2892983C0085C6CB /* Amagama.app */;
			productType = "com.apple.product-type.application";
		};
		F1E456CB2892983C0085C6CB /* AmagamaTests */ = {
			isa = PBXNativeTarget;
			buildConfigurationList = F1E456E32892983C0085C6CB /* Build configuration list for PBXNativeTarget "AmagamaTests" */;
			buildPhases = (
				F1E456C82892983C0085C6CB /* Sources */,
				F1E456C92892983C0085C6CB /* Frameworks */,
				F1E456CA2892983C0085C6CB /* Resources */,
			);
			buildRules = (
			);
			dependencies = (
				F1E456CE2892983C0085C6CB /* PBXTargetDependency */,
			);
			name = AmagamaTests;
			productName = AmagamaTests;
			productReference = F1E456CC2892983C0085C6CB /* AmagamaTests.xctest */;
			productType = "com.apple.product-type.bundle.unit-test";
		};
		F1E456D52892983C0085C6CB /* AmagamaUITests */ = {
			isa = PBXNativeTarget;
			buildConfigurationList = F1E456E62892983C0085C6CB /* Build configuration list for PBXNativeTarget "AmagamaUITests" */;
			buildPhases = (
				F1E456D22892983C0085C6CB /* Sources */,
				F1E456D32892983C0085C6CB /* Frameworks */,
				F1E456D42892983C0085C6CB /* Resources */,
			);
			buildRules = (
			);
			dependencies = (
				F1E456D82892983C0085C6CB /* PBXTargetDependency */,
			);
			name = AmagamaUITests;
			productName = AmagamaUITests;
			productReference = F1E456D62892983C0085C6CB /* AmagamaUITests.xctest */;
			productType = "com.apple.product-type.bundle.ui-testing";
		};
/* End PBXNativeTarget section */

/* Begin PBXProject section */
		F1E456B42892983C0085C6CB /* Project object */ = {
			isa = PBXProject;
			attributes = {
				BuildIndependentTargetsInParallel = 1;
				LastSwiftUpdateCheck = 1310;
				LastUpgradeCheck = 1310;
				TargetAttributes = {
					F1E456BB2892983C0085C6CB = {
						CreatedOnToolsVersion = 13.1;
					};
					F1E456CB2892983C0085C6CB = {
						CreatedOnToolsVersion = 13.1;
						TestTargetID = F1E456BB2892983C0085C6CB;
					};
					F1E456D52892983C0085C6CB = {
						CreatedOnToolsVersion = 13.1;
						TestTargetID = F1E456BB2892983C0085C6CB;
					};
				};
			};
			buildConfigurationList = F1E456B72892983C0085C6CB /* Build configuration list for PBXProject "Amagama" */;
			compatibilityVersion = "Xcode 13.0";
			developmentRegion = en;
			hasScannedForEncodings = 0;
			knownRegions = (
				en,
				Base,
			);
			mainGroup = F1E456B32892983C0085C6CB;
			packageReferences = (
				F1E457AA28929F8C0085C6CB /* XCRemoteSwiftPackageReference "lottie-ios" */,
				F17A090728C12E8200531454 /* XCRemoteSwiftPackageReference "purchases-ios" */,
			);
			productRefGroup = F1E456BD2892983C0085C6CB /* Products */;
			projectDirPath = "";
			projectRoot = "";
			targets = (
				F1E456BB2892983C0085C6CB /* Amagama */,
				F1E456CB2892983C0085C6CB /* AmagamaTests */,
				F1E456D52892983C0085C6CB /* AmagamaUITests */,
			);
		};
/* End PBXProject section */

/* Begin PBXResourcesBuildPhase section */
		F1E456BA2892983C0085C6CB /* Resources */ = {
			isa = PBXResourcesBuildPhase;
			buildActionMask = 2147483647;
			files = (
				F1C347C228D25CF8001EACD7 /* All.mp3 in Resources */,
				F18B07CC28CFB13500F58C15 /* is.mp3 in Resources */,
				F18B079228CFA24300F58C15 /* Can you go for help?.mp3 in Resources */,
				F1C347CE28D25D31001EACD7 /* now.mp3 in Resources */,
				F1C3482A28D2622B001EACD7 /* Your friends went into school.mp3 in Resources */,
				F1E456C72892983C0085C6CB /* Preview Assets.xcassets in Resources */,
				F1C347C028D25CF8001EACD7 /* All animals are in place.mp3 in Resources */,
				F18B07B628CFA3ED00F58C15 /* was.mp3 in Resources */,
				F1C347EE28D25DDC001EACD7 /* from.mp3 in Resources */,
				F18B07CB28CFB13500F58C15 /* His car is with me.mp3 in Resources */,
				F18B07DA28CFB16D00F58C15 /* old.mp3 in Resources */,
				F18B07B528CFA3ED00F58C15 /* He was not on time.mp3 in Resources */,
				F18B07FB28CFB1EF00F58C15 /* look.mp3 in Resources */,
				F18B078628CF96FB00F58C15 /* this.mp3 in Resources */,
				F18B07E628CFB1A800F58C15 /* said.mp3 in Resources */,
				F18B079028CFA24300F58C15 /* for.mp3 in Resources */,
				F18B080228CFB27400F58C15 /* the.mp3 in Resources */,
				F1C347CD28D25D31001EACD7 /* then?.mp3 in Resources */,
				F18B079D28CFA32100F58C15 /* like.mp3 in Resources */,
				F1A4816A2912821100557927 /* CarlaYeahs.mp3 in Resources */,
				F18B07CD28CFB13500F58C15 /* me.mp3 in Resources */,
				F18B07FD28CFB1EF00F58C15 /* We.mp3 in Resources */,
				F18B080528CFB33800F58C15 /* her.mp3 in Resources */,
				F1C347F028D25DDC001EACD7 /* come.mp3 in Resources */,
				F146DFCC28F47B900029ECE2 /* Amagama track new.mp3 in Resources */,
				F18B07E228CFB1A800F58C15 /* just.mp3 in Resources */,
				F1C3480828D25E40001EACD7 /* by.mp3 in Resources */,
				F1C347CB28D25D31001EACD7 /* here.mp3 in Resources */,
				F18B07C128CFA43300F58C15 /* Could she put that back?.mp3 in Resources */,
				F1C347DA28D25D6F001EACD7 /* Some.mp3 in Resources */,
				F18B07D728CFB16D00F58C15 /* It.mp3 in Resources */,
				F18B079F28CFA32100F58C15 /* to.mp3 in Resources */,
				F1C347FB28D25E0A001EACD7 /* cried.mp3 in Resources */,
				F18B07E528CFB1A800F58C15 /* Mum.mp3 in Resources */,
				F1C3482128D261AF001EACD7 /* when.mp3 in Resources */,
				F18B07BF28CFA43300F58C15 /* she.mp3 in Resources */,
				F18B079E28CFA32100F58C15 /* see.mp3 in Resources */,
				F1C347FE28D25E0A001EACD7 /* Mother asked if baby cried.mp3 in Resources */,
				F1A156C228D9DA7800743998 /* Amagama track longer.mp3 in Resources */,
				F1C347D928D25D6F001EACD7 /* say.mp3 in Resources */,
				F1C347D628D25D6F001EACD7 /* have.mp3 in Resources */,
				F1C347E428D25DAF001EACD7 /* house.mp3 in Resources */,
				F1C347CF28D25D31001EACD7 /* what.mp3 in Resources */,
				F18B07D628CFB16D00F58C15 /* It looked so very old.mp3 in Resources */,
				F18B07E428CFB1A800F58C15 /* Mum said just get up.mp3 in Resources */,
				F1598C1128D328610056C708 /* Antigua couple1.mp3 in Resources */,
				F1C347F228D25DDC001EACD7 /* Don't come down from there.mp3 in Resources */,
				F1C3481F28D261AF001EACD7 /* I'm.mp3 in Resources */,
				F1C3483128D2635D001EACD7 /* Make them out of this.mp3 in Resources */,
				F1C347BF28D25CF8001EACD7 /* in.mp3 in Resources */,
				F18B078E28CFA24300F58C15 /* Can.mp3 in Resources */,
				F1C347B628D25CB2001EACD7 /* made.mp3 in Resources */,
				F18B07CF28CFB13500F58C15 /* car.mp3 in Resources */,
				F18B07EE28CFB1CC00F58C15 /* and.mp3 in Resources */,
				F18B079128CFA24300F58C15 /* go.mp3 in Resources */,
				F1C3480A28D25E40001EACD7 /* little.mp3 in Resources */,
				F1C347B528D25CB2001EACD7 /* Mr.mp3 in Resources */,
				F1C347E328D25DAF001EACD7 /* about.mp3 in Resources */,
				F1C347D728D25D6F001EACD7 /* fun.mp3 in Resources */,
				F1C3482228D261AF001EACD7 /* One.mp3 in Resources */,
				F18B07D928CFB16D00F58C15 /* very.mp3 in Resources */,
				F1E456C42892983C0085C6CB /* Assets.xcassets in Resources */,
				F18B07E328CFB1A800F58C15 /* up.mp3 in Resources */,
				F1C3480628D25E40001EACD7 /* My little cat came by.mp3 in Resources */,
				F1C3482F28D2622B001EACD7 /* went.mp3 in Resources */,
				F1E4578D28929E470085C6CB /* successTickSound.mp3 in Resources */,
				F18B07FF28CFB1EF00F58C15 /* at.mp3 in Resources */,
				F18B079A28CFA32100F58C15 /* I.mp3 in Resources */,
				F1C3480B28D25E40001EACD7 /* My.mp3 in Resources */,
				F18B07B328CFA3ED00F58C15 /* time.mp3 in Resources */,
				F18B07C328CFA43300F58C15 /* put.mp3 in Resources */,
				F1C3482D28D2622B001EACD7 /* school.mp3 in Resources */,
				F18B07F228CFB1CC00F58C15 /* him.mp3 in Resources */,
				F1C347B728D25CB2001EACD7 /* Mrs.mp3 in Resources */,
				F18B079328CFA24300F58C15 /* help?.mp3 in Resources */,
				F18B07FC28CFB1EF00F58C15 /* We look at the children.mp3 in Resources */,
				F1C347B328D25CB2001EACD7 /* Mr and Mrs made food.mp3 in Resources */,
				F1C347D828D25D6F001EACD7 /* let's.mp3 in Resources */,
				F15649BA2892A1C20095F015 /* tick1.json in Resources */,
				F1C3481E28D261AF001EACD7 /* day.mp3 in Resources */,
				F18B079C28CFA32100F58C15 /* people.mp3 in Resources */,
				F18B07C028CFA43300F58C15 /* that.mp3 in Resources */,
				F1C347E228D25DAF001EACD7 /* Dad called about their house.mp3 in Resources */,
				F18B07EF28CFB1CC00F58C15 /* They.mp3 in Resources */,
				F18B07F328CFB1CC00F58C15 /* They saw him and her.mp3 in Resources */,
				F1C347CA28D25D31001EACD7 /* It's here now what then?.mp3 in Resources */,
				F1C3480928D25E40001EACD7 /* cat.mp3 in Resources */,
				F1C3482328D261AF001EACD7 /* big.mp3 in Resources */,
				F1C347FC28D25E0A001EACD7 /* asked.mp3 in Resources */,
				F18B07B428CFA3ED00F58C15 /* not.mp3 in Resources */,
				F1A156C028D9D39800743998 /* Amagama track.mp3 in Resources */,
				F18B07DB28CFB16D00F58C15 /* looked.mp3 in Resources */,
				F1C347F328D25DDC001EACD7 /* down.mp3 in Resources */,
				F1C347F128D25DDC001EACD7 /* Don't.mp3 in Resources */,
				F1C347B428D25CB2001EACD7 /* food.mp3 in Resources */,
				F18B07E728CFB1A800F58C15 /* get.mp3 in Resources */,
				F18B07C228CFA43300F58C15 /* back?.mp3 in Resources */,
				F1C347CC28D25D31001EACD7 /* It's.mp3 in Resources */,
				F1C347E728D25DAF001EACD7 /* Dad.mp3 in Resources */,
				F1C347DB28D25D6F001EACD7 /* Some say let's have fun.mp3 in Resources */,
				F18B07B228CFA3ED00F58C15 /* on.mp3 in Resources */,
				F1C347C128D25CF8001EACD7 /* animals.mp3 in Resources */,
				F18B080328CFB27400F58C15 /* children.mp3 in Resources */,
				F18B07CE28CFB13500F58C15 /* with.mp3 in Resources */,
				F18B07CA28CFB13500F58C15 /* His.mp3 in Resources */,
				F1E4578F28929E4D0085C6CB /* SuccessTickSound1.mp3 in Resources */,
				F1C3482028D261AF001EACD7 /* One day when I'm big.mp3 in Resources */,
				F18B07BE28CFA43300F58C15 /* Could.mp3 in Resources */,
				F1C347FD28D25E0A001EACD7 /* if.mp3 in Resources */,
				F18B07F128CFB1CC00F58C15 /* saw.mp3 in Resources */,
				F18B078F28CFA24300F58C15 /* you.mp3 in Resources */,
				F1C3482C28D2622B001EACD7 /* into.mp3 in Resources */,
				F1C347FF28D25E0A001EACD7 /* Mother.mp3 in Resources */,
				F1C347BE28D25CF8001EACD7 /* are.mp3 in Resources */,
				F18B079B28CFA32100F58C15 /* I like to see people.mp3 in Resources */,
				F18B078528CF96FB00F58C15 /* of.mp3 in Resources */,
				F1C347FA28D25E0A001EACD7 /* baby.mp3 in Resources */,
				F18B07B728CFA3ED00F58C15 /* He.mp3 in Resources */,
				F1C3482E28D2622B001EACD7 /* friends.mp3 in Resources */,
				F1C347E628D25DAF001EACD7 /* their.mp3 in Resources */,
				F18B07D828CFB16D00F58C15 /* so.mp3 in Resources */,
				F1C347C328D25CF8001EACD7 /* place.mp3 in Resources */,
				F18B078328CF96FB00F58C15 /* out.mp3 in Resources */,
				F1E258632901467E00B276D7 /* CarlaYeahTrimmed.mp3 in Resources */,
				F1C347E528D25DAF001EACD7 /* called.mp3 in Resources */,
				F18B078428CF96FB00F58C15 /* them.mp3 in Resources */,
				F1C3480728D25E40001EACD7 /* came.mp3 in Resources */,
				F1C3482B28D2622B001EACD7 /* Your.mp3 in Resources */,
				F18B078728CF96FB00F58C15 /* Make.mp3 in Resources */,
				F1C347EF28D25DDC001EACD7 /* there.mp3 in Resources */,
			);
			runOnlyForDeploymentPostprocessing = 0;
		};
		F1E456CA2892983C0085C6CB /* Resources */ = {
			isa = PBXResourcesBuildPhase;
			buildActionMask = 2147483647;
			files = (
			);
			runOnlyForDeploymentPostprocessing = 0;
		};
		F1E456D42892983C0085C6CB /* Resources */ = {
			isa = PBXResourcesBuildPhase;
			buildActionMask = 2147483647;
			files = (
			);
			runOnlyForDeploymentPostprocessing = 0;
		};
/* End PBXResourcesBuildPhase section */

/* Begin PBXSourcesBuildPhase section */
		F1E456B82892983C0085C6CB /* Sources */ = {
			isa = PBXSourcesBuildPhase;
			buildActionMask = 2147483647;
			files = (
				F1E456C22892983C0085C6CB /* ContentView.swift in Sources */,
				F1E4570228929B450085C6CB /* SuccessTickView.swift in Sources */,
				F1A17FE828C36A2600EF81A6 /* PurchaseService.swift in Sources */,
				F1E456EC289298FE0085C6CB /* BlurView.swift in Sources */,
				F1E456F22892998C0085C6CB /* ChooserViewCard.swift in Sources */,
				F1E456C02892983C0085C6CB /* AmagamaApp.swift in Sources */,
				F1E4570828929BF60085C6CB /* TopTargetSentence.swift in Sources */,
				F1E456F828929A060085C6CB /* GameChooserView.swift in Sources */,
				F1E456EE2892993C0085C6CB /* Cardify.swift in Sources */,
				F1E4570028929B030085C6CB /* ProgressBar.swift in Sources */,
				F1E456FC28929A5D0085C6CB /* MemoryGame.swift in Sources */,
				F1E456F6289299E50085C6CB /* EmojiMemoryGameView.swift in Sources */,
				F1E456F0289299620085C6CB /* CardView.swift in Sources */,
				F1E4570428929B760085C6CB /* ThemeStore.swift in Sources */,
				F1E456EA289298A10085C6CB /* AspectVGrid.swift in Sources */,
				F1E456FE28929ACA0085C6CB /* navLinkView.swift in Sources */,
				F1E456FA28929A370085C6CB /* LottieView.swift in Sources */,
				F1E456F4289299BB0085C6CB /* EmojiMemoryGame.swift in Sources */,
			);
			runOnlyForDeploymentPostprocessing = 0;
		};
		F1E456C82892983C0085C6CB /* Sources */ = {
			isa = PBXSourcesBuildPhase;
			buildActionMask = 2147483647;
			files = (
				F1E456D12892983C0085C6CB /* AmagamaTests.swift in Sources */,
			);
			runOnlyForDeploymentPostprocessing = 0;
		};
		F1E456D22892983C0085C6CB /* Sources */ = {
			isa = PBXSourcesBuildPhase;
			buildActionMask = 2147483647;
			files = (
				F1E456DD2892983C0085C6CB /* AmagamaUITestsLaunchTests.swift in Sources */,
				F1E456DB2892983C0085C6CB /* AmagamaUITests.swift in Sources */,
			);
			runOnlyForDeploymentPostprocessing = 0;
		};
/* End PBXSourcesBuildPhase section */

/* Begin PBXTargetDependency section */
		F1E456CE2892983C0085C6CB /* PBXTargetDependency */ = {
			isa = PBXTargetDependency;
			target = F1E456BB2892983C0085C6CB /* Amagama */;
			targetProxy = F1E456CD2892983C0085C6CB /* PBXContainerItemProxy */;
		};
		F1E456D82892983C0085C6CB /* PBXTargetDependency */ = {
			isa = PBXTargetDependency;
			target = F1E456BB2892983C0085C6CB /* Amagama */;
			targetProxy = F1E456D72892983C0085C6CB /* PBXContainerItemProxy */;
		};
/* End PBXTargetDependency section */

/* Begin XCBuildConfiguration section */
		F1E456DE2892983C0085C6CB /* Debug */ = {
			isa = XCBuildConfiguration;
			buildSettings = {
				ALWAYS_SEARCH_USER_PATHS = NO;
				CLANG_ANALYZER_NONNULL = YES;
				CLANG_ANALYZER_NUMBER_OBJECT_CONVERSION = YES_AGGRESSIVE;
				CLANG_CXX_LANGUAGE_STANDARD = "gnu++17";
				CLANG_CXX_LIBRARY = "libc++";
				CLANG_ENABLE_MODULES = YES;
				CLANG_ENABLE_OBJC_ARC = YES;
				CLANG_ENABLE_OBJC_WEAK = YES;
				CLANG_WARN_BLOCK_CAPTURE_AUTORELEASING = YES;
				CLANG_WARN_BOOL_CONVERSION = YES;
				CLANG_WARN_COMMA = YES;
				CLANG_WARN_CONSTANT_CONVERSION = YES;
				CLANG_WARN_DEPRECATED_OBJC_IMPLEMENTATIONS = YES;
				CLANG_WARN_DIRECT_OBJC_ISA_USAGE = YES_ERROR;
				CLANG_WARN_DOCUMENTATION_COMMENTS = YES;
				CLANG_WARN_EMPTY_BODY = YES;
				CLANG_WARN_ENUM_CONVERSION = YES;
				CLANG_WARN_INFINITE_RECURSION = YES;
				CLANG_WARN_INT_CONVERSION = YES;
				CLANG_WARN_NON_LITERAL_NULL_CONVERSION = YES;
				CLANG_WARN_OBJC_IMPLICIT_RETAIN_SELF = YES;
				CLANG_WARN_OBJC_LITERAL_CONVERSION = YES;
				CLANG_WARN_OBJC_ROOT_CLASS = YES_ERROR;
				CLANG_WARN_QUOTED_INCLUDE_IN_FRAMEWORK_HEADER = YES;
				CLANG_WARN_RANGE_LOOP_ANALYSIS = YES;
				CLANG_WARN_STRICT_PROTOTYPES = YES;
				CLANG_WARN_SUSPICIOUS_MOVE = YES;
				CLANG_WARN_UNGUARDED_AVAILABILITY = YES_AGGRESSIVE;
				CLANG_WARN_UNREACHABLE_CODE = YES;
				CLANG_WARN__DUPLICATE_METHOD_MATCH = YES;
				COPY_PHASE_STRIP = NO;
				DEBUG_INFORMATION_FORMAT = dwarf;
				ENABLE_STRICT_OBJC_MSGSEND = YES;
				ENABLE_TESTABILITY = YES;
				GCC_C_LANGUAGE_STANDARD = gnu11;
				GCC_DYNAMIC_NO_PIC = NO;
				GCC_NO_COMMON_BLOCKS = YES;
				GCC_OPTIMIZATION_LEVEL = 0;
				GCC_PREPROCESSOR_DEFINITIONS = (
					"DEBUG=1",
					"$(inherited)",
				);
				GCC_WARN_64_TO_32_BIT_CONVERSION = YES;
				GCC_WARN_ABOUT_RETURN_TYPE = YES_ERROR;
				GCC_WARN_UNDECLARED_SELECTOR = YES;
				GCC_WARN_UNINITIALIZED_AUTOS = YES_AGGRESSIVE;
				GCC_WARN_UNUSED_FUNCTION = YES;
				GCC_WARN_UNUSED_VARIABLE = YES;
				IPHONEOS_DEPLOYMENT_TARGET = 15.0;
				MTL_ENABLE_DEBUG_INFO = INCLUDE_SOURCE;
				MTL_FAST_MATH = YES;
				ONLY_ACTIVE_ARCH = YES;
				SDKROOT = iphoneos;
				SWIFT_ACTIVE_COMPILATION_CONDITIONS = DEBUG;
				SWIFT_OPTIMIZATION_LEVEL = "-Onone";
			};
			name = Debug;
		};
		F1E456DF2892983C0085C6CB /* Release */ = {
			isa = XCBuildConfiguration;
			buildSettings = {
				ALWAYS_SEARCH_USER_PATHS = NO;
				CLANG_ANALYZER_NONNULL = YES;
				CLANG_ANALYZER_NUMBER_OBJECT_CONVERSION = YES_AGGRESSIVE;
				CLANG_CXX_LANGUAGE_STANDARD = "gnu++17";
				CLANG_CXX_LIBRARY = "libc++";
				CLANG_ENABLE_MODULES = YES;
				CLANG_ENABLE_OBJC_ARC = YES;
				CLANG_ENABLE_OBJC_WEAK = YES;
				CLANG_WARN_BLOCK_CAPTURE_AUTORELEASING = YES;
				CLANG_WARN_BOOL_CONVERSION = YES;
				CLANG_WARN_COMMA = YES;
				CLANG_WARN_CONSTANT_CONVERSION = YES;
				CLANG_WARN_DEPRECATED_OBJC_IMPLEMENTATIONS = YES;
				CLANG_WARN_DIRECT_OBJC_ISA_USAGE = YES_ERROR;
				CLANG_WARN_DOCUMENTATION_COMMENTS = YES;
				CLANG_WARN_EMPTY_BODY = YES;
				CLANG_WARN_ENUM_CONVERSION = YES;
				CLANG_WARN_INFINITE_RECURSION = YES;
				CLANG_WARN_INT_CONVERSION = YES;
				CLANG_WARN_NON_LITERAL_NULL_CONVERSION = YES;
				CLANG_WARN_OBJC_IMPLICIT_RETAIN_SELF = YES;
				CLANG_WARN_OBJC_LITERAL_CONVERSION = YES;
				CLANG_WARN_OBJC_ROOT_CLASS = YES_ERROR;
				CLANG_WARN_QUOTED_INCLUDE_IN_FRAMEWORK_HEADER = YES;
				CLANG_WARN_RANGE_LOOP_ANALYSIS = YES;
				CLANG_WARN_STRICT_PROTOTYPES = YES;
				CLANG_WARN_SUSPICIOUS_MOVE = YES;
				CLANG_WARN_UNGUARDED_AVAILABILITY = YES_AGGRESSIVE;
				CLANG_WARN_UNREACHABLE_CODE = YES;
				CLANG_WARN__DUPLICATE_METHOD_MATCH = YES;
				COPY_PHASE_STRIP = NO;
				DEBUG_INFORMATION_FORMAT = "dwarf-with-dsym";
				ENABLE_NS_ASSERTIONS = NO;
				ENABLE_STRICT_OBJC_MSGSEND = YES;
				GCC_C_LANGUAGE_STANDARD = gnu11;
				GCC_NO_COMMON_BLOCKS = YES;
				GCC_WARN_64_TO_32_BIT_CONVERSION = YES;
				GCC_WARN_ABOUT_RETURN_TYPE = YES_ERROR;
				GCC_WARN_UNDECLARED_SELECTOR = YES;
				GCC_WARN_UNINITIALIZED_AUTOS = YES_AGGRESSIVE;
				GCC_WARN_UNUSED_FUNCTION = YES;
				GCC_WARN_UNUSED_VARIABLE = YES;
				IPHONEOS_DEPLOYMENT_TARGET = 15.0;
				MTL_ENABLE_DEBUG_INFO = NO;
				MTL_FAST_MATH = YES;
				SDKROOT = iphoneos;
				SWIFT_COMPILATION_MODE = wholemodule;
				SWIFT_OPTIMIZATION_LEVEL = "-O";
				VALIDATE_PRODUCT = YES;
			};
			name = Release;
		};
		F1E456E12892983C0085C6CB /* Debug */ = {
			isa = XCBuildConfiguration;
			buildSettings = {
				ASSETCATALOG_COMPILER_APPICON_NAME = AppIcon;
				ASSETCATALOG_COMPILER_GLOBAL_ACCENT_COLOR_NAME = AccentColor;
				CODE_SIGN_STYLE = Automatic;
				CURRENT_PROJECT_VERSION = 11;
				DEVELOPMENT_ASSET_PATHS = "\"Amagama/Preview Content\"";
				DEVELOPMENT_TEAM = N8FYB826GQ;
				ENABLE_PREVIEWS = YES;
				GENERATE_INFOPLIST_FILE = YES;
				INFOPLIST_KEY_CFBundleDisplayName = Amagama;
				INFOPLIST_KEY_LSApplicationCategoryType = "public.app-category.education";
				INFOPLIST_KEY_UIApplicationSceneManifest_Generation = YES;
				INFOPLIST_KEY_UIApplicationSupportsIndirectInputEvents = YES;
				INFOPLIST_KEY_UILaunchScreen_Generation = YES;
				INFOPLIST_KEY_UISupportedInterfaceOrientations = UIInterfaceOrientationPortrait;
				INFOPLIST_KEY_UISupportedInterfaceOrientations_iPad = "UIInterfaceOrientationLandscapeLeft UIInterfaceOrientationLandscapeRight UIInterfaceOrientationPortrait UIInterfaceOrientationPortraitUpsideDown";
				IPHONEOS_DEPLOYMENT_TARGET = 15.0;
				LD_RUNPATH_SEARCH_PATHS = (
					"$(inherited)",
					"@executable_path/Frameworks",
				);
				MARKETING_VERSION = 0.2.0;
				PRODUCT_BUNDLE_IDENTIFIER = com.yoli.developer.Amagama;
				PRODUCT_NAME = "$(TARGET_NAME)";
				SUPPORTED_PLATFORMS = "iphoneos iphonesimulator";
				SUPPORTS_MACCATALYST = NO;
				SUPPORTS_MAC_DESIGNED_FOR_IPHONE_IPAD = NO;
				SWIFT_EMIT_LOC_STRINGS = YES;
				SWIFT_VERSION = 5.0;
				TARGETED_DEVICE_FAMILY = 1;
			};
			name = Debug;
		};
		F1E456E22892983C0085C6CB /* Release */ = {
			isa = XCBuildConfiguration;
			buildSettings = {
				ASSETCATALOG_COMPILER_APPICON_NAME = AppIcon;
				ASSETCATALOG_COMPILER_GLOBAL_ACCENT_COLOR_NAME = AccentColor;
				CODE_SIGN_STYLE = Automatic;
				CURRENT_PROJECT_VERSION = 11;
				DEVELOPMENT_ASSET_PATHS = "\"Amagama/Preview Content\"";
				DEVELOPMENT_TEAM = N8FYB826GQ;
				ENABLE_PREVIEWS = YES;
				GENERATE_INFOPLIST_FILE = YES;
				INFOPLIST_KEY_CFBundleDisplayName = Amagama;
				INFOPLIST_KEY_LSApplicationCategoryType = "public.app-category.education";
				INFOPLIST_KEY_UIApplicationSceneManifest_Generation = YES;
				INFOPLIST_KEY_UIApplicationSupportsIndirectInputEvents = YES;
				INFOPLIST_KEY_UILaunchScreen_Generation = YES;
				INFOPLIST_KEY_UISupportedInterfaceOrientations = UIInterfaceOrientationPortrait;
				INFOPLIST_KEY_UISupportedInterfaceOrientations_iPad = "UIInterfaceOrientationLandscapeLeft UIInterfaceOrientationLandscapeRight UIInterfaceOrientationPortrait UIInterfaceOrientationPortraitUpsideDown";
				IPHONEOS_DEPLOYMENT_TARGET = 15.0;
				LD_RUNPATH_SEARCH_PATHS = (
					"$(inherited)",
					"@executable_path/Frameworks",
				);
				MARKETING_VERSION = 0.2.0;
				PRODUCT_BUNDLE_IDENTIFIER = com.yoli.developer.Amagama;
				PRODUCT_NAME = "$(TARGET_NAME)";
				SUPPORTED_PLATFORMS = "iphoneos iphonesimulator";
				SUPPORTS_MACCATALYST = NO;
				SUPPORTS_MAC_DESIGNED_FOR_IPHONE_IPAD = NO;
				SWIFT_EMIT_LOC_STRINGS = YES;
				SWIFT_VERSION = 5.0;
				TARGETED_DEVICE_FAMILY = 1;
			};
			name = Release;
		};
		F1E456E42892983C0085C6CB /* Debug */ = {
			isa = XCBuildConfiguration;
			buildSettings = {
				ALWAYS_EMBED_SWIFT_STANDARD_LIBRARIES = YES;
				BUNDLE_LOADER = "$(TEST_HOST)";
				CODE_SIGN_STYLE = Automatic;
				CURRENT_PROJECT_VERSION = 1;
				DEVELOPMENT_TEAM = N8FYB826GQ;
				GENERATE_INFOPLIST_FILE = YES;
				IPHONEOS_DEPLOYMENT_TARGET = 15.0;
				LD_RUNPATH_SEARCH_PATHS = (
					"$(inherited)",
					"@executable_path/Frameworks",
					"@loader_path/Frameworks",
				);
				MARKETING_VERSION = 1.0;
				PRODUCT_BUNDLE_IDENTIFIER = com.yoli.developer.AmagamaTests;
				PRODUCT_NAME = "$(TARGET_NAME)";
				SWIFT_EMIT_LOC_STRINGS = NO;
				SWIFT_VERSION = 5.0;
				TARGETED_DEVICE_FAMILY = "1,2";
				TEST_HOST = "$(BUILT_PRODUCTS_DIR)/Amagama.app/Amagama";
			};
			name = Debug;
		};
		F1E456E52892983C0085C6CB /* Release */ = {
			isa = XCBuildConfiguration;
			buildSettings = {
				ALWAYS_EMBED_SWIFT_STANDARD_LIBRARIES = YES;
				BUNDLE_LOADER = "$(TEST_HOST)";
				CODE_SIGN_STYLE = Automatic;
				CURRENT_PROJECT_VERSION = 1;
				DEVELOPMENT_TEAM = N8FYB826GQ;
				GENERATE_INFOPLIST_FILE = YES;
				IPHONEOS_DEPLOYMENT_TARGET = 15.0;
				LD_RUNPATH_SEARCH_PATHS = (
					"$(inherited)",
					"@executable_path/Frameworks",
					"@loader_path/Frameworks",
				);
				MARKETING_VERSION = 1.0;
				PRODUCT_BUNDLE_IDENTIFIER = com.yoli.developer.AmagamaTests;
				PRODUCT_NAME = "$(TARGET_NAME)";
				SWIFT_EMIT_LOC_STRINGS = NO;
				SWIFT_VERSION = 5.0;
				TARGETED_DEVICE_FAMILY = "1,2";
				TEST_HOST = "$(BUILT_PRODUCTS_DIR)/Amagama.app/Amagama";
			};
			name = Release;
		};
		F1E456E72892983C0085C6CB /* Debug */ = {
			isa = XCBuildConfiguration;
			buildSettings = {
				ALWAYS_EMBED_SWIFT_STANDARD_LIBRARIES = YES;
				CODE_SIGN_STYLE = Automatic;
				CURRENT_PROJECT_VERSION = 1;
				DEVELOPMENT_TEAM = N8FYB826GQ;
				GENERATE_INFOPLIST_FILE = YES;
				LD_RUNPATH_SEARCH_PATHS = (
					"$(inherited)",
					"@executable_path/Frameworks",
					"@loader_path/Frameworks",
				);
				MARKETING_VERSION = 1.0;
				PRODUCT_BUNDLE_IDENTIFIER = com.yoli.developer.AmagamaUITests;
				PRODUCT_NAME = "$(TARGET_NAME)";
				SWIFT_EMIT_LOC_STRINGS = NO;
				SWIFT_VERSION = 5.0;
				TARGETED_DEVICE_FAMILY = "1,2";
				TEST_TARGET_NAME = Amagama;
			};
			name = Debug;
		};
		F1E456E82892983C0085C6CB /* Release */ = {
			isa = XCBuildConfiguration;
			buildSettings = {
				ALWAYS_EMBED_SWIFT_STANDARD_LIBRARIES = YES;
				CODE_SIGN_STYLE = Automatic;
				CURRENT_PROJECT_VERSION = 1;
				DEVELOPMENT_TEAM = N8FYB826GQ;
				GENERATE_INFOPLIST_FILE = YES;
				LD_RUNPATH_SEARCH_PATHS = (
					"$(inherited)",
					"@executable_path/Frameworks",
					"@loader_path/Frameworks",
				);
				MARKETING_VERSION = 1.0;
				PRODUCT_BUNDLE_IDENTIFIER = com.yoli.developer.AmagamaUITests;
				PRODUCT_NAME = "$(TARGET_NAME)";
				SWIFT_EMIT_LOC_STRINGS = NO;
				SWIFT_VERSION = 5.0;
				TARGETED_DEVICE_FAMILY = "1,2";
				TEST_TARGET_NAME = Amagama;
			};
			name = Release;
		};
/* End XCBuildConfiguration section */

/* Begin XCConfigurationList section */
		F1E456B72892983C0085C6CB /* Build configuration list for PBXProject "Amagama" */ = {
			isa = XCConfigurationList;
			buildConfigurations = (
				F1E456DE2892983C0085C6CB /* Debug */,
				F1E456DF2892983C0085C6CB /* Release */,
			);
			defaultConfigurationIsVisible = 0;
			defaultConfigurationName = Release;
		};
		F1E456E02892983C0085C6CB /* Build configuration list for PBXNativeTarget "Amagama" */ = {
			isa = XCConfigurationList;
			buildConfigurations = (
				F1E456E12892983C0085C6CB /* Debug */,
				F1E456E22892983C0085C6CB /* Release */,
			);
			defaultConfigurationIsVisible = 0;
			defaultConfigurationName = Release;
		};
		F1E456E32892983C0085C6CB /* Build configuration list for PBXNativeTarget "AmagamaTests" */ = {
			isa = XCConfigurationList;
			buildConfigurations = (
				F1E456E42892983C0085C6CB /* Debug */,
				F1E456E52892983C0085C6CB /* Release */,
			);
			defaultConfigurationIsVisible = 0;
			defaultConfigurationName = Release;
		};
		F1E456E62892983C0085C6CB /* Build configuration list for PBXNativeTarget "AmagamaUITests" */ = {
			isa = XCConfigurationList;
			buildConfigurations = (
				F1E456E72892983C0085C6CB /* Debug */,
				F1E456E82892983C0085C6CB /* Release */,
			);
			defaultConfigurationIsVisible = 0;
			defaultConfigurationName = Release;
		};
/* End XCConfigurationList section */

/* Begin XCRemoteSwiftPackageReference section */
		F17A090728C12E8200531454 /* XCRemoteSwiftPackageReference "purchases-ios" */ = {
			isa = XCRemoteSwiftPackageReference;
			repositoryURL = "https://github.com/RevenueCat/purchases-ios.git";
			requirement = {
				kind = upToNextMajorVersion;
				minimumVersion = 4.0.0;
			};
		};
		F1E457AA28929F8C0085C6CB /* XCRemoteSwiftPackageReference "lottie-ios" */ = {
			isa = XCRemoteSwiftPackageReference;
			repositoryURL = "https://github.com/airbnb/lottie-ios";
			requirement = {
				kind = upToNextMajorVersion;
				minimumVersion = 3.0.0;
			};
		};
/* End XCRemoteSwiftPackageReference section */

/* Begin XCSwiftPackageProductDependency section */
		F17A090828C12E8200531454 /* RevenueCat */ = {
			isa = XCSwiftPackageProductDependency;
			package = F17A090728C12E8200531454 /* XCRemoteSwiftPackageReference "purchases-ios" */;
			productName = RevenueCat;
		};
		F1E457AB28929F8C0085C6CB /* Lottie */ = {
			isa = XCSwiftPackageProductDependency;
			package = F1E457AA28929F8C0085C6CB /* XCRemoteSwiftPackageReference "lottie-ios" */;
			productName = Lottie;
		};
/* End XCSwiftPackageProductDependency section */
	};
	rootObject = F1E456B42892983C0085C6CB /* Project object */;
}
